// !$*UTF8*$!
{
	archiveVersion = 1;
	classes = {
	};
	objectVersion = 77;
	objects = {

/* Begin PBXBuildFile section */
		361589ABF7DA2AE139E6CC4F /* TimeQuestApp.swift in Sources */ = {isa = PBXBuildFile; fileRef = A481871EB9DE45C55DBD3823 /* TimeQuestApp.swift */; };
		0FE1746C3E2F36DA3C3D0C1C /* AppDependencies.swift in Sources */ = {isa = PBXBuildFile; fileRef = D320C9A203887D3C9A20573E /* AppDependencies.swift */; };
		776B50E683305BB78A18B497 /* RoleRouter.swift in Sources */ = {isa = PBXBuildFile; fileRef = 6B1FAD8DDE34FCB17F78710B /* RoleRouter.swift */; };
		6D16A0D2013F9D4A64E057E0 /* Routine.swift in Sources */ = {isa = PBXBuildFile; fileRef = 7C27055051122CBD6887B9B5 /* Routine.swift */; };
		2C694369F11A12110122885F /* RoutineTask.swift in Sources */ = {isa = PBXBuildFile; fileRef = 7C4E553C3279111BC5E1C3C2 /* RoutineTask.swift */; };
		466332A5CE9CC4FC6FA8ADD0 /* GameSession.swift in Sources */ = {isa = PBXBuildFile; fileRef = 15D8D7E146A94AAED515A18E /* GameSession.swift */; };
		56E2DC8223D79699A1ACB596 /* TaskEstimation.swift in Sources */ = {isa = PBXBuildFile; fileRef = AA31CF1CCD74F11D3EA31BE9 /* TaskEstimation.swift */; };
		15D12D9CC3BCD14D33CC25C9 /* RoutineRepository.swift in Sources */ = {isa = PBXBuildFile; fileRef = 89E4DC1A4CB9358DD3EEE5AF /* RoutineRepository.swift */; };
		248ABB1C7D378015526718CA /* SessionRepository.swift in Sources */ = {isa = PBXBuildFile; fileRef = 0F5C13F00A20E995579DB242 /* SessionRepository.swift */; };
		4FC912712A2E46FE5D915E52 /* TimeEstimationScorer.swift in Sources */ = {isa = PBXBuildFile; fileRef = 7F1EF6A27A8E1671CD9308F7 /* TimeEstimationScorer.swift */; };
		7F2671821F4D31386ACE347F /* FeedbackGenerator.swift in Sources */ = {isa = PBXBuildFile; fileRef = B16060A95041B5E9E95350AE /* FeedbackGenerator.swift */; };
		7C15B204736FB8D864DF97EB /* CalibrationTracker.swift in Sources */ = {isa = PBXBuildFile; fileRef = 0D72C60A6AB2132B55235396 /* CalibrationTracker.swift */; };
		61E4E818F6F15A62AB90D115 /* TimeFormatting.swift in Sources */ = {isa = PBXBuildFile; fileRef = 63611BF19934AB21C51F1784 /* TimeFormatting.swift */; };
		6A0598E26CBF562A967B3D08 /* PINEntryView.swift in Sources */ = {isa = PBXBuildFile; fileRef = 99624DF5C0E47382E96CD3F6 /* PINEntryView.swift */; };
		0D88BAC8171665E539599683 /* PlayerHomeView.swift in Sources */ = {isa = PBXBuildFile; fileRef = E42BA35BE0698EE22619571F /* PlayerHomeView.swift */; };
		48CC7E5703200F91523778D7 /* ParentDashboardView.swift in Sources */ = {isa = PBXBuildFile; fileRef = 4DCDD425ECCE9C3CE560B186 /* ParentDashboardView.swift */; };
		5651D60E32A4118AAE97F206 /* RoutineListView.swift in Sources */ = {isa = PBXBuildFile; fileRef = 67FDF00D930269A38623B65A /* RoutineListView.swift */; };
		CD00109BAE3C38DC5AD52112 /* RoutineEditorView.swift in Sources */ = {isa = PBXBuildFile; fileRef = 4BB6DA3A4BDFBCBD23E2EB46 /* RoutineEditorView.swift */; };
		2F400830B75606094406B993 /* TaskEditorView.swift in Sources */ = {isa = PBXBuildFile; fileRef = CB9E93AFED605733BE9F7717 /* TaskEditorView.swift */; };
		8CA34F3B72E909A6E8EC4349 /* SchedulePickerView.swift in Sources */ = {isa = PBXBuildFile; fileRef = 46B069BA53B7ED7439D9E7D4 /* SchedulePickerView.swift */; };
		92955BF03F2FC8818A0CF92F /* RoutineEditorViewModel.swift in Sources */ = {isa = PBXBuildFile; fileRef = 8B5B32A1FEAA0F23723C4FB1 /* RoutineEditorViewModel.swift */; };
		40B26A18A192FBFA85C42B61 /* GameSessionViewModel.swift in Sources */ = {isa = PBXBuildFile; fileRef = 1BFE2F333F30F30B025D357A /* GameSessionViewModel.swift */; };
		6C8BF66CF78D339B615468C7 /* QuestView.swift in Sources */ = {isa = PBXBuildFile; fileRef = 241E33AC0ABC4E034C2E3883 /* QuestView.swift */; };
		4524902EF6533003EA93C52D /* EstimationInputView.swift in Sources */ = {isa = PBXBuildFile; fileRef = 0B8F3A8A045D48972AECEA30 /* EstimationInputView.swift */; };
		A03F1F89D5243E5C1107EBEB /* TaskActiveView.swift in Sources */ = {isa = PBXBuildFile; fileRef = 677F5B1E938E1B1F148D13BE /* TaskActiveView.swift */; };
		A220FBA78D99258A3456FCD0 /* AccuracyRevealView.swift in Sources */ = {isa = PBXBuildFile; fileRef = 85F7D0191B9B4F218FD10082 /* AccuracyRevealView.swift */; };
		01FC4D82265F8CF4662435B5 /* SessionSummaryView.swift in Sources */ = {isa = PBXBuildFile; fileRef = 6C61EE78E4E84BFF4AEDC328 /* SessionSummaryView.swift */; };
		3C9B1C71D3D569555E14B65E /* OnboardingView.swift in Sources */ = {isa = PBXBuildFile; fileRef = 4D45E6D4EC9E5C62C3C3D2EA /* OnboardingView.swift */; };
		0172F47203F2F2836FC0684A /* AccuracyMeter.swift in Sources */ = {isa = PBXBuildFile; fileRef = ABDE7E81182C425B93FF62D8 /* AccuracyMeter.swift */; };
		E0DA65D248CE90D1C4504B1F /* AccuracyRevealScene.swift in Sources */ = {isa = PBXBuildFile; fileRef = 33B2A8B1E4866FC9E3FC7502 /* AccuracyRevealScene.swift */; };
		3BDD07B012EB66E3C97B3591 /* PlayerProfile.swift in Sources */ = {isa = PBXBuildFile; fileRef = 6515F2BFC6033CCB33BA0DA9 /* PlayerProfile.swift */; };
		83C4A81D931923B3C96F2652 /* XPEngine.swift in Sources */ = {isa = PBXBuildFile; fileRef = 89B3282E5720F19582D95D43 /* XPEngine.swift */; };
		0A3A600154F0ED1559DD2BC2 /* LevelCalculator.swift in Sources */ = {isa = PBXBuildFile; fileRef = C7937A8A1E0885BF59276F41 /* LevelCalculator.swift */; };
		38B3011D2C11D2F7D05330E0 /* StreakTracker.swift in Sources */ = {isa = PBXBuildFile; fileRef = 82589CEE363ADBCC18C8CEAE /* StreakTracker.swift */; };
		24610661D796D48D4D0D6A61 /* PersonalBestTracker.swift in Sources */ = {isa = PBXBuildFile; fileRef = 4D51929834E6483BEB980D09 /* PersonalBestTracker.swift */; };
		397067EFAC8F0DFCD9397666 /* PlayerProfileRepository.swift in Sources */ = {isa = PBXBuildFile; fileRef = 0166E304598A5C763D5E83C7 /* PlayerProfileRepository.swift */; };
		E630686CC1679A0592696718 /* ProgressionViewModel.swift in Sources */ = {isa = PBXBuildFile; fileRef = 600BBF20AED82F71358400AF /* ProgressionViewModel.swift */; };
		89712602AAEC91FCBFDC0316 /* XPBarView.swift in Sources */ = {isa = PBXBuildFile; fileRef = 9583DFC421B7D251B2F654AA /* XPBarView.swift */; };
		D57C43A6201C74AA2497B9BD /* StreakBadgeView.swift in Sources */ = {isa = PBXBuildFile; fileRef = 469FB1673FA18E62886A6CAA /* StreakBadgeView.swift */; };
		75115DC6C8974A71EBA2A86B /* LevelBadgeView.swift in Sources */ = {isa = PBXBuildFile; fileRef = E0BDC09EA48C715A5B1A615B /* LevelBadgeView.swift */; };
		1090CA26D0FD18D8EA937215 /* AccuracyTrendChartView.swift in Sources */ = {isa = PBXBuildFile; fileRef = 113A67EB1B8726D6C4B11F62 /* AccuracyTrendChartView.swift */; };
		6A2A218D910877E92498EEEF /* PlayerStatsView.swift in Sources */ = {isa = PBXBuildFile; fileRef = 8AA77D1FAAA096D0025B5BB2 /* PlayerStatsView.swift */; };
		5F11B8B121B40A3BE0708CDA /* SoundManager.swift in Sources */ = {isa = PBXBuildFile; fileRef = E3C55F662C8EEF35AC95FF6A /* SoundManager.swift */; };
		D3EA8EDD45DCD670FF67D363 /* NotificationManager.swift in Sources */ = {isa = PBXBuildFile; fileRef = B9090614DDC3B0980B6056AE /* NotificationManager.swift */; };
		4B2587FC6F49F44D833CEBA5 /* CelebrationScene.swift in Sources */ = {isa = PBXBuildFile; fileRef = C92D02C3F2C7B67E279F4C77 /* CelebrationScene.swift */; };
		CC34F309C23450474E3C0121 /* NotificationSettingsView.swift in Sources */ = {isa = PBXBuildFile; fileRef = 43D6AEA412BAA1522C380AA2 /* NotificationSettingsView.swift */; };
		C8C464C88165585283010EA1 /* TimeQuestSchemaV1.swift in Sources */ = {isa = PBXBuildFile; fileRef = 412FFD602847428961A409D6 /* TimeQuestSchemaV1.swift */; };
		BEFC07D6B196D210C2245D85 /* TimeQuestSchemaV2.swift in Sources */ = {isa = PBXBuildFile; fileRef = 7655C9A3DBDF809B52AEE417 /* TimeQuestSchemaV2.swift */; };
		452BCBE7E025F74B6E4C0C62 /* TimeQuestMigrationPlan.swift in Sources */ = {isa = PBXBuildFile; fileRef = 38BD3D9BC0DE3521458D2A15 /* TimeQuestMigrationPlan.swift */; };
		BC6BC1CC105E5BB249756BA3 /* CloudKitSyncMonitor.swift in Sources */ = {isa = PBXBuildFile; fileRef = 72CACE3E064A5BBBB4CD2381 /* CloudKitSyncMonitor.swift */; };
		9CCC8F9CE99CB45D4215EA47 /* EstimationSnapshot.swift in Sources */ = {isa = PBXBuildFile; fileRef = 5BD285BFDE8B78890E42F115 /* EstimationSnapshot.swift */; };
		3528AB531E6869C62D14C83D /* InsightEngine.swift in Sources */ = {isa = PBXBuildFile; fileRef = F32B060983A56894BCC9CFA3 /* InsightEngine.swift */; };
		E60B547524A97CFA7FA94847 /* XPConfiguration.swift in Sources */ = {isa = PBXBuildFile; fileRef = D7FFABFA44967A1DD6080E2F /* XPConfiguration.swift */; };
		A6546C721A6F9D7A74F43531 /* RoutineTemplateProvider.swift in Sources */ = {isa = PBXBuildFile; fileRef = D8C3349408BEA352AF1649BE /* RoutineTemplateProvider.swift */; };
		F4952E1246360880C83F8CE4 /* InsightCardView.swift in Sources */ = {isa = PBXBuildFile; fileRef = AB06BEDEA211C8AF381822EC /* InsightCardView.swift */; };
		BD41EEEFDEA3218855B2E043 /* MyPatternsView.swift in Sources */ = {isa = PBXBuildFile; fileRef = DE1710CA860A13BF9479C49D /* MyPatternsView.swift */; };
		3B853ED04E7E4AFAAD9C1B75 /* PlayerRoutineCreationView.swift in Sources */ = {isa = PBXBuildFile; fileRef = DDBBA6054F06694FFED59586 /* PlayerRoutineCreationView.swift */; };
		8CF791A2E281C16A50E300E1 /* MyPatternsViewModel.swift in Sources */ = {isa = PBXBuildFile; fileRef = E78360440C8A84206DE5C80C /* MyPatternsViewModel.swift */; };
		E7FCC581B1621E8562ACF4FC /* PlayerRoutineCreationViewModel.swift in Sources */ = {isa = PBXBuildFile; fileRef = FC1BEC8BF58D0936E6EB4B7A /* PlayerRoutineCreationViewModel.swift */; };
		709DB20BDC37F93938A29F5C /* TimeQuestSchemaV3.swift in Sources */ = {isa = PBXBuildFile; fileRef = AFB161F736AEE43E79D94EF5 /* TimeQuestSchemaV3.swift */; };
		EF67CD7657570BFAA359A590 /* TimeQuestSchemaV4.swift in Sources */ = {isa = PBXBuildFile; fileRef = D891B2FAF968E336136E0CEA /* TimeQuestSchemaV4.swift */; };
		EB3F47B121AD86D4BD1E0B05 /* TimeQuestSchemaV5.swift in Sources */ = {isa = PBXBuildFile; fileRef = 30626E802BB2688F49110D57 /* TimeQuestSchemaV5.swift */; };
		9A8DA06580F962610330D7C6 /* TimeQuestSchemaV6.swift in Sources */ = {isa = PBXBuildFile; fileRef = 5602F05E54DBFD3F5B4CA549 /* TimeQuestSchemaV6.swift */; };
		0B9F30E81DEFF93FFA6D99CE /* TaskDifficultyState.swift in Sources */ = {isa = PBXBuildFile; fileRef = 1CD223838ADD0712643B01E8 /* TaskDifficultyState.swift */; };
		26F11183F287BFB623C472F9 /* DifficultySnapshot.swift in Sources */ = {isa = PBXBuildFile; fileRef = 8011EA1C92FFEA2C05E76752 /* DifficultySnapshot.swift */; };
		D3A3EE5D969F6E6BC18A6F95 /* DifficultyConfiguration.swift in Sources */ = {isa = PBXBuildFile; fileRef = 4398491E76F0CD132948668B /* DifficultyConfiguration.swift */; };
		23410BC0DBC1C7F9B30801EE /* AdaptiveDifficultyEngine.swift in Sources */ = {isa = PBXBuildFile; fileRef = CF225FE7FFB5369E825F8538 /* AdaptiveDifficultyEngine.swift */; };
		64EB654BA86148C66155F001 /* WeeklyReflection.swift in Sources */ = {isa = PBXBuildFile; fileRef = 9F120E5CC4B941E6C7E5D84B /* WeeklyReflection.swift */; };
		C99878DC38569A8DDDB3765C /* WeeklyReflectionEngine.swift in Sources */ = {isa = PBXBuildFile; fileRef = 270B911F9CA0C0A2C4359950 /* WeeklyReflectionEngine.swift */; };
		A6B1CE115D2A6084C83F9FFF /* WeeklyReflectionViewModel.swift in Sources */ = {isa = PBXBuildFile; fileRef = DAB4A2B9DCF71F56012F0AF7 /* WeeklyReflectionViewModel.swift */; };
		87C22342312ED426EDB5E9B3 /* WeeklyReflectionCardView.swift in Sources */ = {isa = PBXBuildFile; fileRef = AAE616A5DC6EBD6F411741CA /* WeeklyReflectionCardView.swift */; };
		A5953E24193BA2D670AA866C /* DayContext.swift in Sources */ = {isa = PBXBuildFile; fileRef = C5163BBF97AEC29E8ED8FB86 /* DayContext.swift */; };
		75229F99D091B7CD7CFAB725 /* CalendarContextEngine.swift in Sources */ = {isa = PBXBuildFile; fileRef = 254277F3191994506960E1F8 /* CalendarContextEngine.swift */; };
		61CC542E3879D9A892033E24 /* CalendarService.swift in Sources */ = {isa = PBXBuildFile; fileRef = 1F215AFFBAAC25CAD1E69DAD /* CalendarService.swift */; };
		C0E7F24829F6C747405EFE65 /* CalendarSettingsView.swift in Sources */ = {isa = PBXBuildFile; fileRef = C857A242EF3F9D933F626780 /* CalendarSettingsView.swift */; };
		02AFCE016D91E725EEED1E37 /* CalendarChooserView.swift in Sources */ = {isa = PBXBuildFile; fileRef = 215ED0E325D428882B83488C /* CalendarChooserView.swift */; };
		EC2CBCF71BF18AF80D4DC0A0 /* SpotifyModels.swift in Sources */ = {isa = PBXBuildFile; fileRef = 26D30B16F479DC20F89E16A5 /* SpotifyModels.swift */; };
		55D63EC5071A372A00132928 /* SpotifyPlaylistMatcher.swift in Sources */ = {isa = PBXBuildFile; fileRef = 1BE1F0EC02373256948CD337 /* SpotifyPlaylistMatcher.swift */; };
		934480ADBEF323C1AE07C4FA /* SpotifyAuthManager.swift in Sources */ = {isa = PBXBuildFile; fileRef = 65D18B1C90822194D5D2950A /* SpotifyAuthManager.swift */; };
		215DDCBE2DD22377A2F92648 /* KeychainHelper.swift in Sources */ = {isa = PBXBuildFile; fileRef = 739F36E6E0CC083C341DB28A /* KeychainHelper.swift */; };
		D5108413D7E0B3B2831EF076 /* SpotifyAPIClient.swift in Sources */ = {isa = PBXBuildFile; fileRef = 936D6121B84B938602C106EA /* SpotifyAPIClient.swift */; };
		F07F07442AE2DBDF8FE05784 /* estimate_lock.wav in Resources */ = {isa = PBXBuildFile; fileRef = CAFDF74ADDADDD058E4E1339 /* estimate_lock.wav */; };
		78CAD49AD17A9E8A7E458393 /* reveal.wav in Resources */ = {isa = PBXBuildFile; fileRef = BF91064766C8F1C18A36695C /* reveal.wav */; };
		2C17252AE92158046F15BA5F /* level_up.wav in Resources */ = {isa = PBXBuildFile; fileRef = B816DBE8FFCD7AAC055B6215 /* level_up.wav */; };
		4BBCE4124A17A4DC4BF17432 /* personal_best.wav in Resources */ = {isa = PBXBuildFile; fileRef = 78B9F18BE9B29CA384FC80F5 /* personal_best.wav */; };
		E8BF615E06540CA79F473C8C /* session_complete.wav in Resources */ = {isa = PBXBuildFile; fileRef = 1D578A7742C844B5DDF666D3 /* session_complete.wav */; };
		4136E455A3E6227D28C03913 /* Assets.xcassets in Resources */ = {isa = PBXBuildFile; fileRef = 8BA0178B915B26E539E8C6AA /* Assets.xcassets */; };
/* End PBXBuildFile section */

/* Begin PBXFileReference section */
		A481871EB9DE45C55DBD3823 /* TimeQuestApp.swift */ = {isa = PBXFileReference; lastKnownFileType = sourcecode.swift; path = TimeQuestApp.swift; sourceTree = "<group>"; };
		D320C9A203887D3C9A20573E /* AppDependencies.swift */ = {isa = PBXFileReference; lastKnownFileType = sourcecode.swift; path = AppDependencies.swift; sourceTree = "<group>"; };
		6B1FAD8DDE34FCB17F78710B /* RoleRouter.swift */ = {isa = PBXFileReference; lastKnownFileType = sourcecode.swift; path = RoleRouter.swift; sourceTree = "<group>"; };
		7C27055051122CBD6887B9B5 /* Routine.swift */ = {isa = PBXFileReference; lastKnownFileType = sourcecode.swift; path = Routine.swift; sourceTree = "<group>"; };
		7C4E553C3279111BC5E1C3C2 /* RoutineTask.swift */ = {isa = PBXFileReference; lastKnownFileType = sourcecode.swift; path = RoutineTask.swift; sourceTree = "<group>"; };
		15D8D7E146A94AAED515A18E /* GameSession.swift */ = {isa = PBXFileReference; lastKnownFileType = sourcecode.swift; path = GameSession.swift; sourceTree = "<group>"; };
		AA31CF1CCD74F11D3EA31BE9 /* TaskEstimation.swift */ = {isa = PBXFileReference; lastKnownFileType = sourcecode.swift; path = TaskEstimation.swift; sourceTree = "<group>"; };
		89E4DC1A4CB9358DD3EEE5AF /* RoutineRepository.swift */ = {isa = PBXFileReference; lastKnownFileType = sourcecode.swift; path = RoutineRepository.swift; sourceTree = "<group>"; };
		0F5C13F00A20E995579DB242 /* SessionRepository.swift */ = {isa = PBXFileReference; lastKnownFileType = sourcecode.swift; path = SessionRepository.swift; sourceTree = "<group>"; };
		7F1EF6A27A8E1671CD9308F7 /* TimeEstimationScorer.swift */ = {isa = PBXFileReference; lastKnownFileType = sourcecode.swift; path = TimeEstimationScorer.swift; sourceTree = "<group>"; };
		B16060A95041B5E9E95350AE /* FeedbackGenerator.swift */ = {isa = PBXFileReference; lastKnownFileType = sourcecode.swift; path = FeedbackGenerator.swift; sourceTree = "<group>"; };
		0D72C60A6AB2132B55235396 /* CalibrationTracker.swift */ = {isa = PBXFileReference; lastKnownFileType = sourcecode.swift; path = CalibrationTracker.swift; sourceTree = "<group>"; };
		63611BF19934AB21C51F1784 /* TimeFormatting.swift */ = {isa = PBXFileReference; lastKnownFileType = sourcecode.swift; path = TimeFormatting.swift; sourceTree = "<group>"; };
		99624DF5C0E47382E96CD3F6 /* PINEntryView.swift */ = {isa = PBXFileReference; lastKnownFileType = sourcecode.swift; path = PINEntryView.swift; sourceTree = "<group>"; };
		E42BA35BE0698EE22619571F /* PlayerHomeView.swift */ = {isa = PBXFileReference; lastKnownFileType = sourcecode.swift; path = PlayerHomeView.swift; sourceTree = "<group>"; };
		4DCDD425ECCE9C3CE560B186 /* ParentDashboardView.swift */ = {isa = PBXFileReference; lastKnownFileType = sourcecode.swift; path = ParentDashboardView.swift; sourceTree = "<group>"; };
		67FDF00D930269A38623B65A /* RoutineListView.swift */ = {isa = PBXFileReference; lastKnownFileType = sourcecode.swift; path = RoutineListView.swift; sourceTree = "<group>"; };
		4BB6DA3A4BDFBCBD23E2EB46 /* RoutineEditorView.swift */ = {isa = PBXFileReference; lastKnownFileType = sourcecode.swift; path = RoutineEditorView.swift; sourceTree = "<group>"; };
		CB9E93AFED605733BE9F7717 /* TaskEditorView.swift */ = {isa = PBXFileReference; lastKnownFileType = sourcecode.swift; path = TaskEditorView.swift; sourceTree = "<group>"; };
		46B069BA53B7ED7439D9E7D4 /* SchedulePickerView.swift */ = {isa = PBXFileReference; lastKnownFileType = sourcecode.swift; path = SchedulePickerView.swift; sourceTree = "<group>"; };
		8B5B32A1FEAA0F23723C4FB1 /* RoutineEditorViewModel.swift */ = {isa = PBXFileReference; lastKnownFileType = sourcecode.swift; path = RoutineEditorViewModel.swift; sourceTree = "<group>"; };
		1BFE2F333F30F30B025D357A /* GameSessionViewModel.swift */ = {isa = PBXFileReference; lastKnownFileType = sourcecode.swift; path = GameSessionViewModel.swift; sourceTree = "<group>"; };
		241E33AC0ABC4E034C2E3883 /* QuestView.swift */ = {isa = PBXFileReference; lastKnownFileType = sourcecode.swift; path = QuestView.swift; sourceTree = "<group>"; };
		0B8F3A8A045D48972AECEA30 /* EstimationInputView.swift */ = {isa = PBXFileReference; lastKnownFileType = sourcecode.swift; path = EstimationInputView.swift; sourceTree = "<group>"; };
		677F5B1E938E1B1F148D13BE /* TaskActiveView.swift */ = {isa = PBXFileReference; lastKnownFileType = sourcecode.swift; path = TaskActiveView.swift; sourceTree = "<group>"; };
		85F7D0191B9B4F218FD10082 /* AccuracyRevealView.swift */ = {isa = PBXFileReference; lastKnownFileType = sourcecode.swift; path = AccuracyRevealView.swift; sourceTree = "<group>"; };
		6C61EE78E4E84BFF4AEDC328 /* SessionSummaryView.swift */ = {isa = PBXFileReference; lastKnownFileType = sourcecode.swift; path = SessionSummaryView.swift; sourceTree = "<group>"; };
		4D45E6D4EC9E5C62C3C3D2EA /* OnboardingView.swift */ = {isa = PBXFileReference; lastKnownFileType = sourcecode.swift; path = OnboardingView.swift; sourceTree = "<group>"; };
		ABDE7E81182C425B93FF62D8 /* AccuracyMeter.swift */ = {isa = PBXFileReference; lastKnownFileType = sourcecode.swift; path = AccuracyMeter.swift; sourceTree = "<group>"; };
		33B2A8B1E4866FC9E3FC7502 /* AccuracyRevealScene.swift */ = {isa = PBXFileReference; lastKnownFileType = sourcecode.swift; path = AccuracyRevealScene.swift; sourceTree = "<group>"; };
		6515F2BFC6033CCB33BA0DA9 /* PlayerProfile.swift */ = {isa = PBXFileReference; lastKnownFileType = sourcecode.swift; path = PlayerProfile.swift; sourceTree = "<group>"; };
		89B3282E5720F19582D95D43 /* XPEngine.swift */ = {isa = PBXFileReference; lastKnownFileType = sourcecode.swift; path = XPEngine.swift; sourceTree = "<group>"; };
		C7937A8A1E0885BF59276F41 /* LevelCalculator.swift */ = {isa = PBXFileReference; lastKnownFileType = sourcecode.swift; path = LevelCalculator.swift; sourceTree = "<group>"; };
		82589CEE363ADBCC18C8CEAE /* StreakTracker.swift */ = {isa = PBXFileReference; lastKnownFileType = sourcecode.swift; path = StreakTracker.swift; sourceTree = "<group>"; };
		4D51929834E6483BEB980D09 /* PersonalBestTracker.swift */ = {isa = PBXFileReference; lastKnownFileType = sourcecode.swift; path = PersonalBestTracker.swift; sourceTree = "<group>"; };
		0166E304598A5C763D5E83C7 /* PlayerProfileRepository.swift */ = {isa = PBXFileReference; lastKnownFileType = sourcecode.swift; path = PlayerProfileRepository.swift; sourceTree = "<group>"; };
		600BBF20AED82F71358400AF /* ProgressionViewModel.swift */ = {isa = PBXFileReference; lastKnownFileType = sourcecode.swift; path = ProgressionViewModel.swift; sourceTree = "<group>"; };
		9583DFC421B7D251B2F654AA /* XPBarView.swift */ = {isa = PBXFileReference; lastKnownFileType = sourcecode.swift; path = XPBarView.swift; sourceTree = "<group>"; };
		469FB1673FA18E62886A6CAA /* StreakBadgeView.swift */ = {isa = PBXFileReference; lastKnownFileType = sourcecode.swift; path = StreakBadgeView.swift; sourceTree = "<group>"; };
		E0BDC09EA48C715A5B1A615B /* LevelBadgeView.swift */ = {isa = PBXFileReference; lastKnownFileType = sourcecode.swift; path = LevelBadgeView.swift; sourceTree = "<group>"; };
		113A67EB1B8726D6C4B11F62 /* AccuracyTrendChartView.swift */ = {isa = PBXFileReference; lastKnownFileType = sourcecode.swift; path = AccuracyTrendChartView.swift; sourceTree = "<group>"; };
		8AA77D1FAAA096D0025B5BB2 /* PlayerStatsView.swift */ = {isa = PBXFileReference; lastKnownFileType = sourcecode.swift; path = PlayerStatsView.swift; sourceTree = "<group>"; };
		E3C55F662C8EEF35AC95FF6A /* SoundManager.swift */ = {isa = PBXFileReference; lastKnownFileType = sourcecode.swift; path = SoundManager.swift; sourceTree = "<group>"; };
		B9090614DDC3B0980B6056AE /* NotificationManager.swift */ = {isa = PBXFileReference; lastKnownFileType = sourcecode.swift; path = NotificationManager.swift; sourceTree = "<group>"; };
		C92D02C3F2C7B67E279F4C77 /* CelebrationScene.swift */ = {isa = PBXFileReference; lastKnownFileType = sourcecode.swift; path = CelebrationScene.swift; sourceTree = "<group>"; };
		43D6AEA412BAA1522C380AA2 /* NotificationSettingsView.swift */ = {isa = PBXFileReference; lastKnownFileType = sourcecode.swift; path = NotificationSettingsView.swift; sourceTree = "<group>"; };
		412FFD602847428961A409D6 /* TimeQuestSchemaV1.swift */ = {isa = PBXFileReference; lastKnownFileType = sourcecode.swift; path = TimeQuestSchemaV1.swift; sourceTree = "<group>"; };
		7655C9A3DBDF809B52AEE417 /* TimeQuestSchemaV2.swift */ = {isa = PBXFileReference; lastKnownFileType = sourcecode.swift; path = TimeQuestSchemaV2.swift; sourceTree = "<group>"; };
		38BD3D9BC0DE3521458D2A15 /* TimeQuestMigrationPlan.swift */ = {isa = PBXFileReference; lastKnownFileType = sourcecode.swift; path = TimeQuestMigrationPlan.swift; sourceTree = "<group>"; };
		72CACE3E064A5BBBB4CD2381 /* CloudKitSyncMonitor.swift */ = {isa = PBXFileReference; lastKnownFileType = sourcecode.swift; path = CloudKitSyncMonitor.swift; sourceTree = "<group>"; };
		5BD285BFDE8B78890E42F115 /* EstimationSnapshot.swift */ = {isa = PBXFileReference; lastKnownFileType = sourcecode.swift; path = EstimationSnapshot.swift; sourceTree = "<group>"; };
		F32B060983A56894BCC9CFA3 /* InsightEngine.swift */ = {isa = PBXFileReference; lastKnownFileType = sourcecode.swift; path = InsightEngine.swift; sourceTree = "<group>"; };
		D7FFABFA44967A1DD6080E2F /* XPConfiguration.swift */ = {isa = PBXFileReference; lastKnownFileType = sourcecode.swift; path = XPConfiguration.swift; sourceTree = "<group>"; };
		D8C3349408BEA352AF1649BE /* RoutineTemplateProvider.swift */ = {isa = PBXFileReference; lastKnownFileType = sourcecode.swift; path = RoutineTemplateProvider.swift; sourceTree = "<group>"; };
		AB06BEDEA211C8AF381822EC /* InsightCardView.swift */ = {isa = PBXFileReference; lastKnownFileType = sourcecode.swift; path = InsightCardView.swift; sourceTree = "<group>"; };
		DE1710CA860A13BF9479C49D /* MyPatternsView.swift */ = {isa = PBXFileReference; lastKnownFileType = sourcecode.swift; path = MyPatternsView.swift; sourceTree = "<group>"; };
		DDBBA6054F06694FFED59586 /* PlayerRoutineCreationView.swift */ = {isa = PBXFileReference; lastKnownFileType = sourcecode.swift; path = PlayerRoutineCreationView.swift; sourceTree = "<group>"; };
		E78360440C8A84206DE5C80C /* MyPatternsViewModel.swift */ = {isa = PBXFileReference; lastKnownFileType = sourcecode.swift; path = MyPatternsViewModel.swift; sourceTree = "<group>"; };
		FC1BEC8BF58D0936E6EB4B7A /* PlayerRoutineCreationViewModel.swift */ = {isa = PBXFileReference; lastKnownFileType = sourcecode.swift; path = PlayerRoutineCreationViewModel.swift; sourceTree = "<group>"; };
		AFB161F736AEE43E79D94EF5 /* TimeQuestSchemaV3.swift */ = {isa = PBXFileReference; lastKnownFileType = sourcecode.swift; path = TimeQuestSchemaV3.swift; sourceTree = "<group>"; };
		D891B2FAF968E336136E0CEA /* TimeQuestSchemaV4.swift */ = {isa = PBXFileReference; lastKnownFileType = sourcecode.swift; path = TimeQuestSchemaV4.swift; sourceTree = "<group>"; };
		30626E802BB2688F49110D57 /* TimeQuestSchemaV5.swift */ = {isa = PBXFileReference; lastKnownFileType = sourcecode.swift; path = TimeQuestSchemaV5.swift; sourceTree = "<group>"; };
		5602F05E54DBFD3F5B4CA549 /* TimeQuestSchemaV6.swift */ = {isa = PBXFileReference; lastKnownFileType = sourcecode.swift; path = TimeQuestSchemaV6.swift; sourceTree = "<group>"; };
		1CD223838ADD0712643B01E8 /* TaskDifficultyState.swift */ = {isa = PBXFileReference; lastKnownFileType = sourcecode.swift; path = TaskDifficultyState.swift; sourceTree = "<group>"; };
		8011EA1C92FFEA2C05E76752 /* DifficultySnapshot.swift */ = {isa = PBXFileReference; lastKnownFileType = sourcecode.swift; path = DifficultySnapshot.swift; sourceTree = "<group>"; };
		4398491E76F0CD132948668B /* DifficultyConfiguration.swift */ = {isa = PBXFileReference; lastKnownFileType = sourcecode.swift; path = DifficultyConfiguration.swift; sourceTree = "<group>"; };
		CF225FE7FFB5369E825F8538 /* AdaptiveDifficultyEngine.swift */ = {isa = PBXFileReference; lastKnownFileType = sourcecode.swift; path = AdaptiveDifficultyEngine.swift; sourceTree = "<group>"; };
		9F120E5CC4B941E6C7E5D84B /* WeeklyReflection.swift */ = {isa = PBXFileReference; lastKnownFileType = sourcecode.swift; path = WeeklyReflection.swift; sourceTree = "<group>"; };
		270B911F9CA0C0A2C4359950 /* WeeklyReflectionEngine.swift */ = {isa = PBXFileReference; lastKnownFileType = sourcecode.swift; path = WeeklyReflectionEngine.swift; sourceTree = "<group>"; };
		DAB4A2B9DCF71F56012F0AF7 /* WeeklyReflectionViewModel.swift */ = {isa = PBXFileReference; lastKnownFileType = sourcecode.swift; path = WeeklyReflectionViewModel.swift; sourceTree = "<group>"; };
		AAE616A5DC6EBD6F411741CA /* WeeklyReflectionCardView.swift */ = {isa = PBXFileReference; lastKnownFileType = sourcecode.swift; path = WeeklyReflectionCardView.swift; sourceTree = "<group>"; };
		C5163BBF97AEC29E8ED8FB86 /* DayContext.swift */ = {isa = PBXFileReference; lastKnownFileType = sourcecode.swift; path = DayContext.swift; sourceTree = "<group>"; };
		254277F3191994506960E1F8 /* CalendarContextEngine.swift */ = {isa = PBXFileReference; lastKnownFileType = sourcecode.swift; path = CalendarContextEngine.swift; sourceTree = "<group>"; };
		1F215AFFBAAC25CAD1E69DAD /* CalendarService.swift */ = {isa = PBXFileReference; lastKnownFileType = sourcecode.swift; path = CalendarService.swift; sourceTree = "<group>"; };
		C857A242EF3F9D933F626780 /* CalendarSettingsView.swift */ = {isa = PBXFileReference; lastKnownFileType = sourcecode.swift; path = CalendarSettingsView.swift; sourceTree = "<group>"; };
		215ED0E325D428882B83488C /* CalendarChooserView.swift */ = {isa = PBXFileReference; lastKnownFileType = sourcecode.swift; path = CalendarChooserView.swift; sourceTree = "<group>"; };
		26D30B16F479DC20F89E16A5 /* SpotifyModels.swift */ = {isa = PBXFileReference; lastKnownFileType = sourcecode.swift; path = SpotifyModels.swift; sourceTree = "<group>"; };
		1BE1F0EC02373256948CD337 /* SpotifyPlaylistMatcher.swift */ = {isa = PBXFileReference; lastKnownFileType = sourcecode.swift; path = SpotifyPlaylistMatcher.swift; sourceTree = "<group>"; };
		65D18B1C90822194D5D2950A /* SpotifyAuthManager.swift */ = {isa = PBXFileReference; lastKnownFileType = sourcecode.swift; path = SpotifyAuthManager.swift; sourceTree = "<group>"; };
		739F36E6E0CC083C341DB28A /* KeychainHelper.swift */ = {isa = PBXFileReference; lastKnownFileType = sourcecode.swift; path = KeychainHelper.swift; sourceTree = "<group>"; };
		936D6121B84B938602C106EA /* SpotifyAPIClient.swift */ = {isa = PBXFileReference; lastKnownFileType = sourcecode.swift; path = SpotifyAPIClient.swift; sourceTree = "<group>"; };
		CAFDF74ADDADDD058E4E1339 /* estimate_lock.wav */ = {isa = PBXFileReference; lastKnownFileType = audio.wav; path = estimate_lock.wav; sourceTree = "<group>"; };
		BF91064766C8F1C18A36695C /* reveal.wav */ = {isa = PBXFileReference; lastKnownFileType = audio.wav; path = reveal.wav; sourceTree = "<group>"; };
		B816DBE8FFCD7AAC055B6215 /* level_up.wav */ = {isa = PBXFileReference; lastKnownFileType = audio.wav; path = level_up.wav; sourceTree = "<group>"; };
		78B9F18BE9B29CA384FC80F5 /* personal_best.wav */ = {isa = PBXFileReference; lastKnownFileType = audio.wav; path = personal_best.wav; sourceTree = "<group>"; };
		1D578A7742C844B5DDF666D3 /* session_complete.wav */ = {isa = PBXFileReference; lastKnownFileType = audio.wav; path = session_complete.wav; sourceTree = "<group>"; };
		50CD03850D758B584AFEDD8B /* TimeQuest.entitlements */ = {isa = PBXFileReference; lastKnownFileType = text.plist.entitlements; path = TimeQuest.entitlements; sourceTree = "<group>"; };
		8BA0178B915B26E539E8C6AA /* Assets.xcassets */ = {isa = PBXFileReference; lastKnownFileType = folder.assetcatalog; path = Assets.xcassets; sourceTree = "<group>"; };
		5DF32E3C3CE26FE88F9EC6BD /* TimeQuest.app */ = {isa = PBXFileReference; explicitFileType = wrapper.application; includeInIndex = 0; path = TimeQuest.app; sourceTree = BUILT_PRODUCTS_DIR; };
/* End PBXFileReference section */

/* Begin PBXFrameworksBuildPhase section */
		F571D8E6182FE7E40490CB68 /* Frameworks */ = {
			isa = PBXFrameworksBuildPhase;
			buildActionMask = 2147483647;
			files = (
			);
			runOnlyForDeploymentPostprocessing = 0;
		};
/* End PBXFrameworksBuildPhase section */

/* Begin PBXGroup section */
		CDAC081B1A2CDEADB420E689 /* App */ = {
			isa = PBXGroup;
			children = (
				A481871EB9DE45C55DBD3823 /* TimeQuestApp.swift */,
				D320C9A203887D3C9A20573E /* AppDependencies.swift */,
				6B1FAD8DDE34FCB17F78710B /* RoleRouter.swift */,
			);
			path = App;
			sourceTree = "<group>";
		};
		A3961AA759497711717B7BBB /* Models */ = {
			isa = PBXGroup;
			children = (
				7C27055051122CBD6887B9B5 /* Routine.swift */,
				7C4E553C3279111BC5E1C3C2 /* RoutineTask.swift */,
				15D8D7E146A94AAED515A18E /* GameSession.swift */,
				AA31CF1CCD74F11D3EA31BE9 /* TaskEstimation.swift */,
				6515F2BFC6033CCB33BA0DA9 /* PlayerProfile.swift */,
				5BD285BFDE8B78890E42F115 /* EstimationSnapshot.swift */,
				1CD223838ADD0712643B01E8 /* TaskDifficultyState.swift */,
				8011EA1C92FFEA2C05E76752 /* DifficultySnapshot.swift */,
				9F120E5CC4B941E6C7E5D84B /* WeeklyReflection.swift */,
				26D30B16F479DC20F89E16A5 /* SpotifyModels.swift */,
				C80DAAE2D6DC88640DB5D4D4 /* Schemas */,
				B6E0DFF1C0D1209ADF09096D /* Migration */,
			);
			path = Models;
			sourceTree = "<group>";
		};
		C80DAAE2D6DC88640DB5D4D4 /* Schemas */ = {
			isa = PBXGroup;
			children = (
				412FFD602847428961A409D6 /* TimeQuestSchemaV1.swift */,
				7655C9A3DBDF809B52AEE417 /* TimeQuestSchemaV2.swift */,
				AFB161F736AEE43E79D94EF5 /* TimeQuestSchemaV3.swift */,
				D891B2FAF968E336136E0CEA /* TimeQuestSchemaV4.swift */,
				30626E802BB2688F49110D57 /* TimeQuestSchemaV5.swift */,
				5602F05E54DBFD3F5B4CA549 /* TimeQuestSchemaV6.swift */,
			);
			path = Schemas;
			sourceTree = "<group>";
		};
		B6E0DFF1C0D1209ADF09096D /* Migration */ = {
			isa = PBXGroup;
			children = (
				38BD3D9BC0DE3521458D2A15 /* TimeQuestMigrationPlan.swift */,
			);
			path = Migration;
			sourceTree = "<group>";
		};
		83A04E26C698199553857321 /* Repositories */ = {
			isa = PBXGroup;
			children = (
				89E4DC1A4CB9358DD3EEE5AF /* RoutineRepository.swift */,
				0F5C13F00A20E995579DB242 /* SessionRepository.swift */,
				0166E304598A5C763D5E83C7 /* PlayerProfileRepository.swift */,
			);
			path = Repositories;
			sourceTree = "<group>";
		};
		ACB89B0E05A424DBEE9D55ED /* Domain */ = {
			isa = PBXGroup;
			children = (
				7F1EF6A27A8E1671CD9308F7 /* TimeEstimationScorer.swift */,
				B16060A95041B5E9E95350AE /* FeedbackGenerator.swift */,
				0D72C60A6AB2132B55235396 /* CalibrationTracker.swift */,
				89B3282E5720F19582D95D43 /* XPEngine.swift */,
				D7FFABFA44967A1DD6080E2F /* XPConfiguration.swift */,
				C7937A8A1E0885BF59276F41 /* LevelCalculator.swift */,
				82589CEE363ADBCC18C8CEAE /* StreakTracker.swift */,
				4D51929834E6483BEB980D09 /* PersonalBestTracker.swift */,
				F32B060983A56894BCC9CFA3 /* InsightEngine.swift */,
				D8C3349408BEA352AF1649BE /* RoutineTemplateProvider.swift */,
				270B911F9CA0C0A2C4359950 /* WeeklyReflectionEngine.swift */,
				4398491E76F0CD132948668B /* DifficultyConfiguration.swift */,
				CF225FE7FFB5369E825F8538 /* AdaptiveDifficultyEngine.swift */,
				C5163BBF97AEC29E8ED8FB86 /* DayContext.swift */,
				254277F3191994506960E1F8 /* CalendarContextEngine.swift */,
				1BE1F0EC02373256948CD337 /* SpotifyPlaylistMatcher.swift */,
			);
			path = Domain;
			sourceTree = "<group>";
		};
		577680CFE86F29F85606E5DC /* Services */ = {
			isa = PBXGroup;
			children = (
				E3C55F662C8EEF35AC95FF6A /* SoundManager.swift */,
				B9090614DDC3B0980B6056AE /* NotificationManager.swift */,
				72CACE3E064A5BBBB4CD2381 /* CloudKitSyncMonitor.swift */,
				1F215AFFBAAC25CAD1E69DAD /* CalendarService.swift */,
				65D18B1C90822194D5D2950A /* SpotifyAuthManager.swift */,
				739F36E6E0CC083C341DB28A /* KeychainHelper.swift */,
				936D6121B84B938602C106EA /* SpotifyAPIClient.swift */,
			);
			path = Services;
			sourceTree = "<group>";
		};
		3057AFB67243A419F6614F23 /* Shared */ = {
			isa = PBXGroup;
			children = (
				3FA94D5866D4E34CA19E06F3 /* Components */,
				20BE71B087BBA5590CAC2E2C /* SharedViews */,
			);
			path = Shared;
			sourceTree = "<group>";
		};
		3FA94D5866D4E34CA19E06F3 /* Components */ = {
			isa = PBXGroup;
			children = (
				63611BF19934AB21C51F1784 /* TimeFormatting.swift */,
				ABDE7E81182C425B93FF62D8 /* AccuracyMeter.swift */,
				9583DFC421B7D251B2F654AA /* XPBarView.swift */,
				469FB1673FA18E62886A6CAA /* StreakBadgeView.swift */,
				E0BDC09EA48C715A5B1A615B /* LevelBadgeView.swift */,
				AB06BEDEA211C8AF381822EC /* InsightCardView.swift */,
			);
			path = Components;
			sourceTree = "<group>";
		};
		20BE71B087BBA5590CAC2E2C /* SharedViews */ = {
			isa = PBXGroup;
			children = (
				99624DF5C0E47382E96CD3F6 /* PINEntryView.swift */,
			);
			path = Views;
			sourceTree = "<group>";
		};
		E9BFBC8770D8BCF9A449E4AA /* Player */ = {
			isa = PBXGroup;
			children = (
				1607893AD33389BBF27C662C /* PlayerViews */,
				B1298A372F69AFF1CEA6526B /* PlayerViewModels */,
			);
			path = Player;
			sourceTree = "<group>";
		};
		1607893AD33389BBF27C662C /* PlayerViews */ = {
			isa = PBXGroup;
			children = (
				E42BA35BE0698EE22619571F /* PlayerHomeView.swift */,
				241E33AC0ABC4E034C2E3883 /* QuestView.swift */,
				0B8F3A8A045D48972AECEA30 /* EstimationInputView.swift */,
				677F5B1E938E1B1F148D13BE /* TaskActiveView.swift */,
				85F7D0191B9B4F218FD10082 /* AccuracyRevealView.swift */,
				6C61EE78E4E84BFF4AEDC328 /* SessionSummaryView.swift */,
				4D45E6D4EC9E5C62C3C3D2EA /* OnboardingView.swift */,
				113A67EB1B8726D6C4B11F62 /* AccuracyTrendChartView.swift */,
				8AA77D1FAAA096D0025B5BB2 /* PlayerStatsView.swift */,
				43D6AEA412BAA1522C380AA2 /* NotificationSettingsView.swift */,
				DE1710CA860A13BF9479C49D /* MyPatternsView.swift */,
				DDBBA6054F06694FFED59586 /* PlayerRoutineCreationView.swift */,
				AAE616A5DC6EBD6F411741CA /* WeeklyReflectionCardView.swift */,
			);
			path = Views;
			sourceTree = "<group>";
		};
		B1298A372F69AFF1CEA6526B /* PlayerViewModels */ = {
			isa = PBXGroup;
			children = (
				1BFE2F333F30F30B025D357A /* GameSessionViewModel.swift */,
				600BBF20AED82F71358400AF /* ProgressionViewModel.swift */,
				E78360440C8A84206DE5C80C /* MyPatternsViewModel.swift */,
				FC1BEC8BF58D0936E6EB4B7A /* PlayerRoutineCreationViewModel.swift */,
				DAB4A2B9DCF71F56012F0AF7 /* WeeklyReflectionViewModel.swift */,
			);
			path = ViewModels;
			sourceTree = "<group>";
		};
		AA56F55D563A74AD315A7B80 /* Parent */ = {
			isa = PBXGroup;
			children = (
				7FE8E7823D14890731DCFB52 /* ParentViews */,
				0D074C0FBC0F624EBDA70AB8 /* ParentViewModels */,
			);
			path = Parent;
			sourceTree = "<group>";
		};
		7FE8E7823D14890731DCFB52 /* ParentViews */ = {
			isa = PBXGroup;
			children = (
				4DCDD425ECCE9C3CE560B186 /* ParentDashboardView.swift */,
				67FDF00D930269A38623B65A /* RoutineListView.swift */,
				4BB6DA3A4BDFBCBD23E2EB46 /* RoutineEditorView.swift */,
				CB9E93AFED605733BE9F7717 /* TaskEditorView.swift */,
				46B069BA53B7ED7439D9E7D4 /* SchedulePickerView.swift */,
				C857A242EF3F9D933F626780 /* CalendarSettingsView.swift */,
				215ED0E325D428882B83488C /* CalendarChooserView.swift */,
			);
			path = Views;
			sourceTree = "<group>";
		};
		0D074C0FBC0F624EBDA70AB8 /* ParentViewModels */ = {
			isa = PBXGroup;
			children = (
				8B5B32A1FEAA0F23723C4FB1 /* RoutineEditorViewModel.swift */,
			);
			path = ViewModels;
			sourceTree = "<group>";
		};
		6502FA9D3B5232BC4812E77B /* Features */ = {
			isa = PBXGroup;
			children = (
				E9BFBC8770D8BCF9A449E4AA /* Player */,
				AA56F55D563A74AD315A7B80 /* Parent */,
				3057AFB67243A419F6614F23 /* Shared */,
			);
			path = Features;
			sourceTree = "<group>";
		};
		D78D4193254C93000F98F26B /* Game */ = {
			isa = PBXGroup;
			children = (
				33B2A8B1E4866FC9E3FC7502 /* AccuracyRevealScene.swift */,
				C92D02C3F2C7B67E279F4C77 /* CelebrationScene.swift */,
			);
			path = Game;
			sourceTree = "<group>";
		};
		9A4620EDF115DF73A9631343 /* Sounds */ = {
			isa = PBXGroup;
			children = (
				CAFDF74ADDADDD058E4E1339 /* estimate_lock.wav */,
				BF91064766C8F1C18A36695C /* reveal.wav */,
				B816DBE8FFCD7AAC055B6215 /* level_up.wav */,
				78B9F18BE9B29CA384FC80F5 /* personal_best.wav */,
				1D578A7742C844B5DDF666D3 /* session_complete.wav */,
			);
			path = Sounds;
			sourceTree = "<group>";
		};
		17FA07AB9562C15B5BE76059 /* Resources */ = {
			isa = PBXGroup;
			children = (
				8BA0178B915B26E539E8C6AA /* Assets.xcassets */,
				9A4620EDF115DF73A9631343 /* Sounds */,
			);
			path = Resources;
			sourceTree = "<group>";
		};
		C9A0A68866FAE928BC0BE985 = {
			isa = PBXGroup;
			children = (
				CDAC081B1A2CDEADB420E689 /* App */,
				A3961AA759497711717B7BBB /* Models */,
				83A04E26C698199553857321 /* Repositories */,
				ACB89B0E05A424DBEE9D55ED /* Domain */,
				577680CFE86F29F85606E5DC /* Services */,
				6502FA9D3B5232BC4812E77B /* Features */,
				D78D4193254C93000F98F26B /* Game */,
				17FA07AB9562C15B5BE76059 /* Resources */,
				50CD03850D758B584AFEDD8B /* TimeQuest.entitlements */,
				52AF3F4FE31760243773FEF2 /* Products */,
			);
			sourceTree = "<group>";
		};
		52AF3F4FE31760243773FEF2 /* Products */ = {
			isa = PBXGroup;
			children = (
				5DF32E3C3CE26FE88F9EC6BD /* TimeQuest.app */,
			);
			name = Products;
			sourceTree = "<group>";
		};
/* End PBXGroup section */

/* Begin PBXNativeTarget section */
		C86B1621348BC4D652C74CAB /* TimeQuest */ = {
			isa = PBXNativeTarget;
			buildConfigurationList = 98B1C72B35744113A6202A3E /* Build configuration list for PBXNativeTarget "TimeQuest" */;
			buildPhases = (
				5E04B128343FAA9AA2CABEA9 /* Sources */,
				F571D8E6182FE7E40490CB68 /* Frameworks */,
				AB3322C16B163A9291FC2BE6 /* Resources */,
			);
			buildRules = (
			);
			dependencies = (
			);
			name = TimeQuest;
			productName = TimeQuest;
			productReference = 5DF32E3C3CE26FE88F9EC6BD /* TimeQuest.app */;
			productType = "com.apple.product-type.application";
		};
/* End PBXNativeTarget section */

/* Begin PBXProject section */
		55C2417593D2F72DE5A15033 /* Project object */ = {
			isa = PBXProject;
			attributes = {
				BuildIndependentTargetsInParallel = 1;
				LastSwiftUpdateCheck = 1620;
				LastUpgradeCheck = 1620;
			};
			buildConfigurationList = 1BA35415D9F02770648774AE /* Build configuration list for PBXProject "TimeQuest" */;
			compatibilityVersion = "Xcode 15.0";
			developmentRegion = en;
			hasScannedForEncodings = 0;
			knownRegions = (
				en,
				Base,
			);
			mainGroup = C9A0A68866FAE928BC0BE985;
			productRefGroup = 52AF3F4FE31760243773FEF2 /* Products */;
			projectDirPath = "";
			projectRoot = "";
			targets = (
				C86B1621348BC4D652C74CAB /* TimeQuest */,
			);
		};
/* End PBXProject section */

/* Begin PBXResourcesBuildPhase section */
		AB3322C16B163A9291FC2BE6 /* Resources */ = {
			isa = PBXResourcesBuildPhase;
			buildActionMask = 2147483647;
			files = (
				F07F07442AE2DBDF8FE05784 /* estimate_lock.wav in Resources */,
				78CAD49AD17A9E8A7E458393 /* reveal.wav in Resources */,
				2C17252AE92158046F15BA5F /* level_up.wav in Resources */,
				4BBCE4124A17A4DC4BF17432 /* personal_best.wav in Resources */,
				E8BF615E06540CA79F473C8C /* session_complete.wav in Resources */,
				4136E455A3E6227D28C03913 /* Assets.xcassets in Resources */,
			);
			runOnlyForDeploymentPostprocessing = 0;
		};
/* End PBXResourcesBuildPhase section */

/* Begin PBXSourcesBuildPhase section */
		5E04B128343FAA9AA2CABEA9 /* Sources */ = {
			isa = PBXSourcesBuildPhase;
			buildActionMask = 2147483647;
			files = (
				361589ABF7DA2AE139E6CC4F /* TimeQuestApp.swift in Sources */,
				0FE1746C3E2F36DA3C3D0C1C /* AppDependencies.swift in Sources */,
				776B50E683305BB78A18B497 /* RoleRouter.swift in Sources */,
				6D16A0D2013F9D4A64E057E0 /* Routine.swift in Sources */,
				2C694369F11A12110122885F /* RoutineTask.swift in Sources */,
				466332A5CE9CC4FC6FA8ADD0 /* GameSession.swift in Sources */,
				56E2DC8223D79699A1ACB596 /* TaskEstimation.swift in Sources */,
				15D12D9CC3BCD14D33CC25C9 /* RoutineRepository.swift in Sources */,
				248ABB1C7D378015526718CA /* SessionRepository.swift in Sources */,
				4FC912712A2E46FE5D915E52 /* TimeEstimationScorer.swift in Sources */,
				7F2671821F4D31386ACE347F /* FeedbackGenerator.swift in Sources */,
				7C15B204736FB8D864DF97EB /* CalibrationTracker.swift in Sources */,
				61E4E818F6F15A62AB90D115 /* TimeFormatting.swift in Sources */,
				6A0598E26CBF562A967B3D08 /* PINEntryView.swift in Sources */,
				0D88BAC8171665E539599683 /* PlayerHomeView.swift in Sources */,
				48CC7E5703200F91523778D7 /* ParentDashboardView.swift in Sources */,
				5651D60E32A4118AAE97F206 /* RoutineListView.swift in Sources */,
				CD00109BAE3C38DC5AD52112 /* RoutineEditorView.swift in Sources */,
				2F400830B75606094406B993 /* TaskEditorView.swift in Sources */,
				8CA34F3B72E909A6E8EC4349 /* SchedulePickerView.swift in Sources */,
				92955BF03F2FC8818A0CF92F /* RoutineEditorViewModel.swift in Sources */,
				40B26A18A192FBFA85C42B61 /* GameSessionViewModel.swift in Sources */,
				6C8BF66CF78D339B615468C7 /* QuestView.swift in Sources */,
				4524902EF6533003EA93C52D /* EstimationInputView.swift in Sources */,
				A03F1F89D5243E5C1107EBEB /* TaskActiveView.swift in Sources */,
				A220FBA78D99258A3456FCD0 /* AccuracyRevealView.swift in Sources */,
				01FC4D82265F8CF4662435B5 /* SessionSummaryView.swift in Sources */,
				3C9B1C71D3D569555E14B65E /* OnboardingView.swift in Sources */,
				0172F47203F2F2836FC0684A /* AccuracyMeter.swift in Sources */,
				E0DA65D248CE90D1C4504B1F /* AccuracyRevealScene.swift in Sources */,
				3BDD07B012EB66E3C97B3591 /* PlayerProfile.swift in Sources */,
				83C4A81D931923B3C96F2652 /* XPEngine.swift in Sources */,
				0A3A600154F0ED1559DD2BC2 /* LevelCalculator.swift in Sources */,
				38B3011D2C11D2F7D05330E0 /* StreakTracker.swift in Sources */,
				24610661D796D48D4D0D6A61 /* PersonalBestTracker.swift in Sources */,
				397067EFAC8F0DFCD9397666 /* PlayerProfileRepository.swift in Sources */,
				E630686CC1679A0592696718 /* ProgressionViewModel.swift in Sources */,
				89712602AAEC91FCBFDC0316 /* XPBarView.swift in Sources */,
				D57C43A6201C74AA2497B9BD /* StreakBadgeView.swift in Sources */,
				75115DC6C8974A71EBA2A86B /* LevelBadgeView.swift in Sources */,
				1090CA26D0FD18D8EA937215 /* AccuracyTrendChartView.swift in Sources */,
				6A2A218D910877E92498EEEF /* PlayerStatsView.swift in Sources */,
				5F11B8B121B40A3BE0708CDA /* SoundManager.swift in Sources */,
				D3EA8EDD45DCD670FF67D363 /* NotificationManager.swift in Sources */,
				4B2587FC6F49F44D833CEBA5 /* CelebrationScene.swift in Sources */,
				CC34F309C23450474E3C0121 /* NotificationSettingsView.swift in Sources */,
				C8C464C88165585283010EA1 /* TimeQuestSchemaV1.swift in Sources */,
				BEFC07D6B196D210C2245D85 /* TimeQuestSchemaV2.swift in Sources */,
				452BCBE7E025F74B6E4C0C62 /* TimeQuestMigrationPlan.swift in Sources */,
				BC6BC1CC105E5BB249756BA3 /* CloudKitSyncMonitor.swift in Sources */,
				9CCC8F9CE99CB45D4215EA47 /* EstimationSnapshot.swift in Sources */,
				3528AB531E6869C62D14C83D /* InsightEngine.swift in Sources */,
				E60B547524A97CFA7FA94847 /* XPConfiguration.swift in Sources */,
				A6546C721A6F9D7A74F43531 /* RoutineTemplateProvider.swift in Sources */,
				F4952E1246360880C83F8CE4 /* InsightCardView.swift in Sources */,
				BD41EEEFDEA3218855B2E043 /* MyPatternsView.swift in Sources */,
				3B853ED04E7E4AFAAD9C1B75 /* PlayerRoutineCreationView.swift in Sources */,
				8CF791A2E281C16A50E300E1 /* MyPatternsViewModel.swift in Sources */,
				E7FCC581B1621E8562ACF4FC /* PlayerRoutineCreationViewModel.swift in Sources */,
				709DB20BDC37F93938A29F5C /* TimeQuestSchemaV3.swift in Sources */,
				EF67CD7657570BFAA359A590 /* TimeQuestSchemaV4.swift in Sources */,
				EB3F47B121AD86D4BD1E0B05 /* TimeQuestSchemaV5.swift in Sources */,
				9A8DA06580F962610330D7C6 /* TimeQuestSchemaV6.swift in Sources */,
				0B9F30E81DEFF93FFA6D99CE /* TaskDifficultyState.swift in Sources */,
				26F11183F287BFB623C472F9 /* DifficultySnapshot.swift in Sources */,
				D3A3EE5D969F6E6BC18A6F95 /* DifficultyConfiguration.swift in Sources */,
				23410BC0DBC1C7F9B30801EE /* AdaptiveDifficultyEngine.swift in Sources */,
				64EB654BA86148C66155F001 /* WeeklyReflection.swift in Sources */,
				C99878DC38569A8DDDB3765C /* WeeklyReflectionEngine.swift in Sources */,
				A6B1CE115D2A6084C83F9FFF /* WeeklyReflectionViewModel.swift in Sources */,
				87C22342312ED426EDB5E9B3 /* WeeklyReflectionCardView.swift in Sources */,
				A5953E24193BA2D670AA866C /* DayContext.swift in Sources */,
				75229F99D091B7CD7CFAB725 /* CalendarContextEngine.swift in Sources */,
				61CC542E3879D9A892033E24 /* CalendarService.swift in Sources */,
				C0E7F24829F6C747405EFE65 /* CalendarSettingsView.swift in Sources */,
				02AFCE016D91E725EEED1E37 /* CalendarChooserView.swift in Sources */,
				EC2CBCF71BF18AF80D4DC0A0 /* SpotifyModels.swift in Sources */,
				55D63EC5071A372A00132928 /* SpotifyPlaylistMatcher.swift in Sources */,
				934480ADBEF323C1AE07C4FA /* SpotifyAuthManager.swift in Sources */,
				215DDCBE2DD22377A2F92648 /* KeychainHelper.swift in Sources */,
				D5108413D7E0B3B2831EF076 /* SpotifyAPIClient.swift in Sources */,
			);
			runOnlyForDeploymentPostprocessing = 0;
		};
/* End PBXSourcesBuildPhase section */

/* Begin XCBuildConfiguration section */
		00334C143514D1DA91C7EB4B /* Debug */ = {
			isa = XCBuildConfiguration;
			buildSettings = {
				ALWAYS_SEARCH_USER_PATHS = NO;
				ASCLOPTIMIZE = YES;
				CLANG_ANALYZER_NONNULL = YES;
				CLANG_ANALYZER_NUMBER_OBJECT_CONVERSION = YES_AGGRESSIVE;
				CLANG_CXX_LANGUAGE_STANDARD = "gnu++20";
				CLANG_ENABLE_MODULES = YES;
				CLANG_ENABLE_OBJC_ARC = YES;
				CLANG_ENABLE_OBJC_WEAK = YES;
				CLANG_WARN_BLOCK_CAPTURE_AUTORELEASING = YES;
				CLANG_WARN_BOOL_CONVERSION = YES;
				CLANG_WARN_COMMA = YES;
				CLANG_WARN_CONSTANT_CONVERSION = YES;
				CLANG_WARN_DEPRECATED_OBJC_IMPLEMENTATIONS = YES;
				CLANG_WARN_DIRECT_OBJC_ISA_USAGE = YES_ERROR;
				CLANG_WARN_DOCUMENTATION_COMMENTS = YES;
				CLANG_WARN_EMPTY_BODY = YES;
				CLANG_WARN_ENUM_CONVERSION = YES;
				CLANG_WARN_INFINITE_RECURSION = YES;
				CLANG_WARN_INT_CONVERSION = YES;
				CLANG_WARN_NON_LITERAL_NULL_CONVERSION = YES;
				CLANG_WARN_OBJC_IMPLICIT_RETAIN_SELF = YES;
				CLANG_WARN_OBJC_LITERAL_CONVERSION = YES;
				CLANG_WARN_OBJC_ROOT_CLASS = YES_ERROR;
				CLANG_WARN_QUOTED_INCLUDE_IN_FRAMEWORK_HEADER = YES;
				CLANG_WARN_RANGE_LOOP_ANALYSIS = YES;
				CLANG_WARN_STRICT_PROTOTYPES = YES;
				CLANG_WARN_SUSPICIOUS_MOVE = YES;
				CLANG_WARN_UNGUARDED_AVAILABILITY = YES_AGGRESSIVE;
				CLANG_WARN_UNREACHABLE_CODE = YES;
				CLANG_WARN__DUPLICATE_METHOD_MATCH = YES;
				COPY_PHASE_STRIP = NO;
				DEBUG_INFORMATION_FORMAT = dwarf;
				ENABLE_STRICT_OBJC_MSGSEND = YES;
				ENABLE_TESTABILITY = YES;
				ENABLE_USER_SCRIPT_SANDBOXING = YES;
				GCC_C_LANGUAGE_STANDARD = gnu17;
				GCC_DYNAMIC_NO_PIC = NO;
				GCC_NO_COMMON_BLOCKS = YES;
				GCC_OPTIMIZATION_LEVEL = 0;
				GCC_PREPROCESSOR_DEFINITIONS = (
					"DEBUG=1",
					"$(inherited)",
				);
				GCC_WARN_64_TO_32_BIT_CONVERSION = YES;
				GCC_WARN_ABOUT_RETURN_TYPE = YES_ERROR;
				GCC_WARN_UNDECLARED_SELECTOR = YES;
				GCC_WARN_UNINITIALIZED_AUTOS = YES_AGGRESSIVE;
				GCC_WARN_UNUSED_FUNCTION = YES;
				GCC_WARN_UNUSED_VARIABLE = YES;
				IPHONEOS_DEPLOYMENT_TARGET = 17.0;
				MTL_ENABLE_DEBUG_INFO = INCLUDE_SOURCE;
				MTL_FAST_MATH = YES;
				ONLY_ACTIVE_ARCH = YES;
				SDKROOT = iphoneos;
				SWIFT_ACTIVE_COMPILATION_CONDITIONS = "$(inherited) DEBUG";
				SWIFT_OPTIMIZATION_LEVEL = "-Onone";
			};
			name = Debug;
		};
		06EDEFB7321667C89D3FC856 /* Release */ = {
			isa = XCBuildConfiguration;
			buildSettings = {
				ALWAYS_SEARCH_USER_PATHS = NO;
				ASCLOPTIMIZE = YES;
				CLANG_ANALYZER_NONNULL = YES;
				CLANG_ANALYZER_NUMBER_OBJECT_CONVERSION = YES_AGGRESSIVE;
				CLANG_CXX_LANGUAGE_STANDARD = "gnu++20";
				CLANG_ENABLE_MODULES = YES;
				CLANG_ENABLE_OBJC_ARC = YES;
				CLANG_ENABLE_OBJC_WEAK = YES;
				CLANG_WARN_BLOCK_CAPTURE_AUTORELEASING = YES;
				CLANG_WARN_BOOL_CONVERSION = YES;
				CLANG_WARN_COMMA = YES;
				CLANG_WARN_CONSTANT_CONVERSION = YES;
				CLANG_WARN_DEPRECATED_OBJC_IMPLEMENTATIONS = YES;
				CLANG_WARN_DIRECT_OBJC_ISA_USAGE = YES_ERROR;
				CLANG_WARN_DOCUMENTATION_COMMENTS = YES;
				CLANG_WARN_EMPTY_BODY = YES;
				CLANG_WARN_ENUM_CONVERSION = YES;
				CLANG_WARN_INFINITE_RECURSION = YES;
				CLANG_WARN_INT_CONVERSION = YES;
				CLANG_WARN_NON_LITERAL_NULL_CONVERSION = YES;
				CLANG_WARN_OBJC_IMPLICIT_RETAIN_SELF = YES;
				CLANG_WARN_OBJC_LITERAL_CONVERSION = YES;
				CLANG_WARN_OBJC_ROOT_CLASS = YES_ERROR;
				CLANG_WARN_QUOTED_INCLUDE_IN_FRAMEWORK_HEADER = YES;
				CLANG_WARN_RANGE_LOOP_ANALYSIS = YES;
				CLANG_WARN_STRICT_PROTOTYPES = YES;
				CLANG_WARN_SUSPICIOUS_MOVE = YES;
				CLANG_WARN_UNGUARDED_AVAILABILITY = YES_AGGRESSIVE;
				CLANG_WARN_UNREACHABLE_CODE = YES;
				CLANG_WARN__DUPLICATE_METHOD_MATCH = YES;
				COPY_PHASE_STRIP = NO;
				DEBUG_INFORMATION_FORMAT = "dwarf-with-dsym";
				ENABLE_NS_ASSERTIONS = NO;
				ENABLE_STRICT_OBJC_MSGSEND = YES;
				ENABLE_USER_SCRIPT_SANDBOXING = YES;
				GCC_C_LANGUAGE_STANDARD = gnu17;
				GCC_NO_COMMON_BLOCKS = YES;
				GCC_WARN_64_TO_32_BIT_CONVERSION = YES;
				GCC_WARN_ABOUT_RETURN_TYPE = YES_ERROR;
				GCC_WARN_UNDECLARED_SELECTOR = YES;
				GCC_WARN_UNINITIALIZED_AUTOS = YES_AGGRESSIVE;
				GCC_WARN_UNUSED_FUNCTION = YES;
				GCC_WARN_UNUSED_VARIABLE = YES;
				IPHONEOS_DEPLOYMENT_TARGET = 17.0;
				MTL_FAST_MATH = YES;
				SDKROOT = iphoneos;
				SWIFT_COMPILATION_MODE = wholemodule;
				VALIDATE_PRODUCT = YES;
			};
			name = Release;
		};
		6CCC329A3B8022566AF6DB86 /* Debug */ = {
			isa = XCBuildConfiguration;
			buildSettings = {
				ASSETCATALOG_COMPILER_APPICON_NAME = AppIcon;
				ASSETCATALOG_COMPILER_GLOBAL_ACCENT_COLOR_NAME = AccentColor;
				CODE_SIGN_ENTITLEMENTS = TimeQuest.entitlements;
				CODE_SIGN_STYLE = Automatic;
				CURRENT_PROJECT_VERSION = 1;
				DEVELOPMENT_TEAM = "";
				GENERATE_INFOPLIST_FILE = YES;
				INFOPLIST_KEY_CFBundleDisplayName = TimeQuest;
				INFOPLIST_KEY_UIApplicationSceneManifest_Generation = YES;
				INFOPLIST_KEY_UIApplicationSupportsIndirectInputEvents = YES;
				INFOPLIST_KEY_NSCalendarsFullAccessUsageDescription = "TimeQuest uses your calendar to automatically show the right routines on school days and hide them on holidays.";
				INFOPLIST_KEY_UIBackgroundModes = "remote-notification";
				INFOPLIST_KEY_UILaunchScreen_Generation = YES;
				INFOPLIST_KEY_UISupportedInterfaceOrientations_iPhone = "UIInterfaceOrientationPortrait UIInterfaceOrientationLandscapeLeft UIInterfaceOrientationLandscapeRight";
				LD_RUNPATH_SEARCH_PATHS = (
					"$(inherited)",
					"@executable_path/Frameworks",
				);
				MARKETING_VERSION = 1.0;
				PRODUCT_BUNDLE_IDENTIFIER = com.timequest.app;
				PRODUCT_NAME = "$(TARGET_NAME)";
				SWIFT_EMIT_LOC_STRINGS = YES;
				SWIFT_VERSION = 6.0;
				TARGETED_DEVICE_FAMILY = "1,2";
			};
			name = Debug;
		};
		CA0A5D7A142E0A590A9E0995 /* Release */ = {
			isa = XCBuildConfiguration;
			buildSettings = {
				ASSETCATALOG_COMPILER_APPICON_NAME = AppIcon;
				ASSETCATALOG_COMPILER_GLOBAL_ACCENT_COLOR_NAME = AccentColor;
				CODE_SIGN_ENTITLEMENTS = TimeQuest.entitlements;
				CODE_SIGN_STYLE = Automatic;
				CURRENT_PROJECT_VERSION = 1;
				DEVELOPMENT_TEAM = "";
				GENERATE_INFOPLIST_FILE = YES;
				INFOPLIST_KEY_CFBundleDisplayName = TimeQuest;
				INFOPLIST_KEY_UIApplicationSceneManifest_Generation = YES;
				INFOPLIST_KEY_UIApplicationSupportsIndirectInputEvents = YES;
				INFOPLIST_KEY_NSCalendarsFullAccessUsageDescription = "TimeQuest uses your calendar to automatically show the right routines on school days and hide them on holidays.";
				INFOPLIST_KEY_UIBackgroundModes = "remote-notification";
				INFOPLIST_KEY_UILaunchScreen_Generation = YES;
				INFOPLIST_KEY_UISupportedInterfaceOrientations_iPhone = "UIInterfaceOrientationPortrait UIInterfaceOrientationLandscapeLeft UIInterfaceOrientationLandscapeRight";
				LD_RUNPATH_SEARCH_PATHS = (
					"$(inherited)",
					"@executable_path/Frameworks",
				);
				MARKETING_VERSION = 1.0;
				PRODUCT_BUNDLE_IDENTIFIER = com.timequest.app;
				PRODUCT_NAME = "$(TARGET_NAME)";
				SWIFT_EMIT_LOC_STRINGS = YES;
				SWIFT_VERSION = 6.0;
				TARGETED_DEVICE_FAMILY = "1,2";
			};
			name = Release;
		};
/* End XCBuildConfiguration section */

/* Begin XCConfigurationList section */
		1BA35415D9F02770648774AE /* Build configuration list for PBXProject "TimeQuest" */ = {
			isa = XCConfigurationList;
			buildConfigurations = (
				00334C143514D1DA91C7EB4B /* Debug */,
				06EDEFB7321667C89D3FC856 /* Release */,
			);
			defaultConfigurationIsVisible = 0;
			defaultConfigurationName = Release;
		};
		98B1C72B35744113A6202A3E /* Build configuration list for PBXNativeTarget "TimeQuest" */ = {
			isa = XCConfigurationList;
			buildConfigurations = (
				6CCC329A3B8022566AF6DB86 /* Debug */,
				CA0A5D7A142E0A590A9E0995 /* Release */,
			);
			defaultConfigurationIsVisible = 0;
			defaultConfigurationName = Release;
		};
/* End XCConfigurationList section */

	};
	rootObject = 55C2417593D2F72DE5A15033 /* Project object */;
}
