// !$*UTF8*$!
{
	archiveVersion = 1;
	classes = {
	};
	objectVersion = 77;
	objects = {

/* Begin PBXBuildFile section */
		D3C657F9E735F7F4DD0DCC7E /* TimeQuestApp.swift in Sources */ = {isa = PBXBuildFile; fileRef = 5676D267E1977976561FCB3D /* TimeQuestApp.swift */; };
		99E449BE8A371954EDD20F6A /* AppDependencies.swift in Sources */ = {isa = PBXBuildFile; fileRef = 8DA658519375EA862F810BE2 /* AppDependencies.swift */; };
		24727B31360BC84F9E166F9C /* RoleRouter.swift in Sources */ = {isa = PBXBuildFile; fileRef = 99D8CF6E327C7097195F3542 /* RoleRouter.swift */; };
		974EE217AF4879F328419F0A /* Routine.swift in Sources */ = {isa = PBXBuildFile; fileRef = 29426C2F7E1F17EF12E54603 /* Routine.swift */; };
		F3AE1B285E5C31E039DDE862 /* RoutineTask.swift in Sources */ = {isa = PBXBuildFile; fileRef = 52DD09510BB92268EA6D4DA5 /* RoutineTask.swift */; };
		5AC38DB27E74F87089B7BC79 /* GameSession.swift in Sources */ = {isa = PBXBuildFile; fileRef = 0AA08AD99025398B273C105D /* GameSession.swift */; };
		5F82F917AAA98CAEF6499321 /* TaskEstimation.swift in Sources */ = {isa = PBXBuildFile; fileRef = 9E8127EDAF92F1F8739FAA95 /* TaskEstimation.swift */; };
		9D9AF267DE70CCA9CDC9441B /* RoutineRepository.swift in Sources */ = {isa = PBXBuildFile; fileRef = 1FA42FB8FD56B9C30CB0F7CD /* RoutineRepository.swift */; };
		9A8E45D5BD07E6F6015D974A /* SessionRepository.swift in Sources */ = {isa = PBXBuildFile; fileRef = 1FAF5C24EAAE47C01AD6BA23 /* SessionRepository.swift */; };
		6BEF777E05AA6A43E60F594F /* TimeEstimationScorer.swift in Sources */ = {isa = PBXBuildFile; fileRef = EC2995F86D98C7BABEF2E424 /* TimeEstimationScorer.swift */; };
		EED94F9C27D8E35E8C0CB107 /* FeedbackGenerator.swift in Sources */ = {isa = PBXBuildFile; fileRef = ACF1299610637FB2EF8E9265 /* FeedbackGenerator.swift */; };
		6817924B8FB08FCD183FCC11 /* CalibrationTracker.swift in Sources */ = {isa = PBXBuildFile; fileRef = 8A7CF224EDC15C56C8396CD2 /* CalibrationTracker.swift */; };
		8B9E5F48E86E234743BC93FF /* TimeFormatting.swift in Sources */ = {isa = PBXBuildFile; fileRef = BC986D6DD4BC31A94AB44C4A /* TimeFormatting.swift */; };
		9CA4C2D11908A4484F047F48 /* PINEntryView.swift in Sources */ = {isa = PBXBuildFile; fileRef = F7D8A1944ABB392D209D797D /* PINEntryView.swift */; };
		0EC020DFA6944F439D88D622 /* PlayerHomeView.swift in Sources */ = {isa = PBXBuildFile; fileRef = 770532AFB2635DEA84497563 /* PlayerHomeView.swift */; };
		66E03BDA67A2B5EC11B2B16B /* ParentDashboardView.swift in Sources */ = {isa = PBXBuildFile; fileRef = F12B6C0F1C05464FC40D33B3 /* ParentDashboardView.swift */; };
		3C7A654EA3899410163161F7 /* RoutineListView.swift in Sources */ = {isa = PBXBuildFile; fileRef = 5955312F2A92BAC869C61894 /* RoutineListView.swift */; };
		D77E27F6C473AEE30F1F9EEB /* RoutineEditorView.swift in Sources */ = {isa = PBXBuildFile; fileRef = D1932AC4F2D412BA61B2A04D /* RoutineEditorView.swift */; };
		05BC186BC2CF6B4EDE02A8C9 /* TaskEditorView.swift in Sources */ = {isa = PBXBuildFile; fileRef = 56199E9D52DE34757EF5CB4A /* TaskEditorView.swift */; };
		C7FDE1CB31EB8EC0FDD5C25A /* SchedulePickerView.swift in Sources */ = {isa = PBXBuildFile; fileRef = E9B1E6E9BC3F3C3E7F6CF544 /* SchedulePickerView.swift */; };
		A9C73F365CC9DB64D4220982 /* RoutineEditorViewModel.swift in Sources */ = {isa = PBXBuildFile; fileRef = 5DED769CC7C5004D0476FD9A /* RoutineEditorViewModel.swift */; };
		901471500A8DF32EE04101C8 /* GameSessionViewModel.swift in Sources */ = {isa = PBXBuildFile; fileRef = 135E10FFC2467D1488EF2E0B /* GameSessionViewModel.swift */; };
		B621FDB46F8CFBB2444C88F9 /* QuestView.swift in Sources */ = {isa = PBXBuildFile; fileRef = A8CE33A73D66D88C11565827 /* QuestView.swift */; };
		7873AF14BC3A04AAFD883FA8 /* EstimationInputView.swift in Sources */ = {isa = PBXBuildFile; fileRef = 293E345AF35AEB349CC1BA99 /* EstimationInputView.swift */; };
		0AB935720C61443D295121D4 /* TaskActiveView.swift in Sources */ = {isa = PBXBuildFile; fileRef = 13F3346C9CA12362982CFDDD /* TaskActiveView.swift */; };
		CBC63F3579D7BBAE04FDE2FA /* AccuracyRevealView.swift in Sources */ = {isa = PBXBuildFile; fileRef = CB3D023708575C6485D42451 /* AccuracyRevealView.swift */; };
		BB0A9983844E29A01CEF3475 /* SessionSummaryView.swift in Sources */ = {isa = PBXBuildFile; fileRef = 54B04D216A554BD7BC6FEE70 /* SessionSummaryView.swift */; };
		539E55C7E1AFEC0BE397974E /* OnboardingView.swift in Sources */ = {isa = PBXBuildFile; fileRef = EEB43724B1E73321278FF988 /* OnboardingView.swift */; };
		5FE1C9E204C145FF78F32044 /* AccuracyMeter.swift in Sources */ = {isa = PBXBuildFile; fileRef = A582F38FB72FB39098797055 /* AccuracyMeter.swift */; };
		AB147F4D7D254CAC61FA5812 /* AccuracyRevealScene.swift in Sources */ = {isa = PBXBuildFile; fileRef = 48FAAA73FBFE10ACC608776C /* AccuracyRevealScene.swift */; };
		9BF59C5A44E992F00D3A930F /* PlayerProfile.swift in Sources */ = {isa = PBXBuildFile; fileRef = B7B78E9A7929A20579C4D0F6 /* PlayerProfile.swift */; };
		DD07FE576D28F00FB38CA58A /* XPEngine.swift in Sources */ = {isa = PBXBuildFile; fileRef = A0ED513B6778DB1E6B992E93 /* XPEngine.swift */; };
		4C72ABF681DF83DB1242368B /* LevelCalculator.swift in Sources */ = {isa = PBXBuildFile; fileRef = B32DD0D2969DDB2A96024C86 /* LevelCalculator.swift */; };
		AB90607660EB73882CBE3036 /* StreakTracker.swift in Sources */ = {isa = PBXBuildFile; fileRef = 7A85618C50F841583D5E4E01 /* StreakTracker.swift */; };
		5C55093BB5AAC33745D7455D /* PersonalBestTracker.swift in Sources */ = {isa = PBXBuildFile; fileRef = 94C265C1AFAEB150B784E98E /* PersonalBestTracker.swift */; };
		ED3316A879F5D16F5B30565A /* PlayerProfileRepository.swift in Sources */ = {isa = PBXBuildFile; fileRef = C1A0E5012DE523468FEDF28A /* PlayerProfileRepository.swift */; };
		29F16801A4420E36DA58F1CF /* ProgressionViewModel.swift in Sources */ = {isa = PBXBuildFile; fileRef = 216F874AD6C128DA8D680294 /* ProgressionViewModel.swift */; };
		66B5C8DB45F2A5098CD47A95 /* XPBarView.swift in Sources */ = {isa = PBXBuildFile; fileRef = E2DA0CE15588365B6DA73495 /* XPBarView.swift */; };
		01D1757CEA7B95D7A490CDBA /* StreakBadgeView.swift in Sources */ = {isa = PBXBuildFile; fileRef = 54D946284EC2F48456480E85 /* StreakBadgeView.swift */; };
		66D55F18963EF43F70DA153E /* LevelBadgeView.swift in Sources */ = {isa = PBXBuildFile; fileRef = 9F02E552637FD6689A9ED8AA /* LevelBadgeView.swift */; };
		6E6F0E411FF47B8E5220A346 /* AccuracyTrendChartView.swift in Sources */ = {isa = PBXBuildFile; fileRef = 1DA350C72CD7E25C7909325C /* AccuracyTrendChartView.swift */; };
		62CAAEADAE078A4E7519260D /* PlayerStatsView.swift in Sources */ = {isa = PBXBuildFile; fileRef = 0A10E1E17B603596686DF9B4 /* PlayerStatsView.swift */; };
		81B18C36A84577939B0625EA /* SoundManager.swift in Sources */ = {isa = PBXBuildFile; fileRef = 8463228B7796D2D7093CE8A1 /* SoundManager.swift */; };
		67A30D9D755DA411A80D975F /* NotificationManager.swift in Sources */ = {isa = PBXBuildFile; fileRef = F5719EDE0B60E54401B40848 /* NotificationManager.swift */; };
		6F65CDCFBF692DEB8C743AE4 /* CelebrationScene.swift in Sources */ = {isa = PBXBuildFile; fileRef = 53B9BEF67373DCAB8D2A38CB /* CelebrationScene.swift */; };
		1B4C303AACC9FE00B29F185D /* NotificationSettingsView.swift in Sources */ = {isa = PBXBuildFile; fileRef = 7DF63ABC37C928EC96B20DB0 /* NotificationSettingsView.swift */; };
		B4E43755D780CB0B388245D1 /* TimeQuestSchemaV1.swift in Sources */ = {isa = PBXBuildFile; fileRef = 9960BDD6D76F973F098113A3 /* TimeQuestSchemaV1.swift */; };
		FB777891736DB042F7EB549D /* TimeQuestSchemaV2.swift in Sources */ = {isa = PBXBuildFile; fileRef = C78C497303F02FE1EF3A11D4 /* TimeQuestSchemaV2.swift */; };
		96B8371CE231CA3E3AC54431 /* TimeQuestMigrationPlan.swift in Sources */ = {isa = PBXBuildFile; fileRef = 628754F723F21246E3FAE5C9 /* TimeQuestMigrationPlan.swift */; };
		E7AD4379AD2B2A63EC3798AF /* CloudKitSyncMonitor.swift in Sources */ = {isa = PBXBuildFile; fileRef = B56922415B00760E3BD5BE44 /* CloudKitSyncMonitor.swift */; };
		6482AAA845A8C819CA47E7ED /* estimate_lock.wav in Resources */ = {isa = PBXBuildFile; fileRef = A9C53967A66FE9624E7FE047 /* estimate_lock.wav */; };
		D0293D474F96BC2EC24C9371 /* reveal.wav in Resources */ = {isa = PBXBuildFile; fileRef = 3032B711265DA92BA6779233 /* reveal.wav */; };
		4C0CD9BA0BD6E018FCD75890 /* level_up.wav in Resources */ = {isa = PBXBuildFile; fileRef = FD6FAC248F8FC360BFCF5C0D /* level_up.wav */; };
		DC98176927E4173EEB8AFA87 /* personal_best.wav in Resources */ = {isa = PBXBuildFile; fileRef = B36BFC13553E59B6021D2D15 /* personal_best.wav */; };
		CBDCABC621672FCD7A015C9D /* session_complete.wav in Resources */ = {isa = PBXBuildFile; fileRef = 3814B9FB94973A3EF24A3322 /* session_complete.wav */; };
		F51B013BD698BF6A39B95D16 /* Assets.xcassets in Resources */ = {isa = PBXBuildFile; fileRef = 40C1C6D03D28CB89439159A7 /* Assets.xcassets */; };
/* End PBXBuildFile section */

/* Begin PBXFileReference section */
		5676D267E1977976561FCB3D /* TimeQuestApp.swift */ = {isa = PBXFileReference; lastKnownFileType = sourcecode.swift; path = TimeQuestApp.swift; sourceTree = "<group>"; };
		8DA658519375EA862F810BE2 /* AppDependencies.swift */ = {isa = PBXFileReference; lastKnownFileType = sourcecode.swift; path = AppDependencies.swift; sourceTree = "<group>"; };
		99D8CF6E327C7097195F3542 /* RoleRouter.swift */ = {isa = PBXFileReference; lastKnownFileType = sourcecode.swift; path = RoleRouter.swift; sourceTree = "<group>"; };
		29426C2F7E1F17EF12E54603 /* Routine.swift */ = {isa = PBXFileReference; lastKnownFileType = sourcecode.swift; path = Routine.swift; sourceTree = "<group>"; };
		52DD09510BB92268EA6D4DA5 /* RoutineTask.swift */ = {isa = PBXFileReference; lastKnownFileType = sourcecode.swift; path = RoutineTask.swift; sourceTree = "<group>"; };
		0AA08AD99025398B273C105D /* GameSession.swift */ = {isa = PBXFileReference; lastKnownFileType = sourcecode.swift; path = GameSession.swift; sourceTree = "<group>"; };
		9E8127EDAF92F1F8739FAA95 /* TaskEstimation.swift */ = {isa = PBXFileReference; lastKnownFileType = sourcecode.swift; path = TaskEstimation.swift; sourceTree = "<group>"; };
		1FA42FB8FD56B9C30CB0F7CD /* RoutineRepository.swift */ = {isa = PBXFileReference; lastKnownFileType = sourcecode.swift; path = RoutineRepository.swift; sourceTree = "<group>"; };
		1FAF5C24EAAE47C01AD6BA23 /* SessionRepository.swift */ = {isa = PBXFileReference; lastKnownFileType = sourcecode.swift; path = SessionRepository.swift; sourceTree = "<group>"; };
		EC2995F86D98C7BABEF2E424 /* TimeEstimationScorer.swift */ = {isa = PBXFileReference; lastKnownFileType = sourcecode.swift; path = TimeEstimationScorer.swift; sourceTree = "<group>"; };
		ACF1299610637FB2EF8E9265 /* FeedbackGenerator.swift */ = {isa = PBXFileReference; lastKnownFileType = sourcecode.swift; path = FeedbackGenerator.swift; sourceTree = "<group>"; };
		8A7CF224EDC15C56C8396CD2 /* CalibrationTracker.swift */ = {isa = PBXFileReference; lastKnownFileType = sourcecode.swift; path = CalibrationTracker.swift; sourceTree = "<group>"; };
		BC986D6DD4BC31A94AB44C4A /* TimeFormatting.swift */ = {isa = PBXFileReference; lastKnownFileType = sourcecode.swift; path = TimeFormatting.swift; sourceTree = "<group>"; };
		F7D8A1944ABB392D209D797D /* PINEntryView.swift */ = {isa = PBXFileReference; lastKnownFileType = sourcecode.swift; path = PINEntryView.swift; sourceTree = "<group>"; };
		770532AFB2635DEA84497563 /* PlayerHomeView.swift */ = {isa = PBXFileReference; lastKnownFileType = sourcecode.swift; path = PlayerHomeView.swift; sourceTree = "<group>"; };
		F12B6C0F1C05464FC40D33B3 /* ParentDashboardView.swift */ = {isa = PBXFileReference; lastKnownFileType = sourcecode.swift; path = ParentDashboardView.swift; sourceTree = "<group>"; };
		5955312F2A92BAC869C61894 /* RoutineListView.swift */ = {isa = PBXFileReference; lastKnownFileType = sourcecode.swift; path = RoutineListView.swift; sourceTree = "<group>"; };
		D1932AC4F2D412BA61B2A04D /* RoutineEditorView.swift */ = {isa = PBXFileReference; lastKnownFileType = sourcecode.swift; path = RoutineEditorView.swift; sourceTree = "<group>"; };
		56199E9D52DE34757EF5CB4A /* TaskEditorView.swift */ = {isa = PBXFileReference; lastKnownFileType = sourcecode.swift; path = TaskEditorView.swift; sourceTree = "<group>"; };
		E9B1E6E9BC3F3C3E7F6CF544 /* SchedulePickerView.swift */ = {isa = PBXFileReference; lastKnownFileType = sourcecode.swift; path = SchedulePickerView.swift; sourceTree = "<group>"; };
		5DED769CC7C5004D0476FD9A /* RoutineEditorViewModel.swift */ = {isa = PBXFileReference; lastKnownFileType = sourcecode.swift; path = RoutineEditorViewModel.swift; sourceTree = "<group>"; };
		135E10FFC2467D1488EF2E0B /* GameSessionViewModel.swift */ = {isa = PBXFileReference; lastKnownFileType = sourcecode.swift; path = GameSessionViewModel.swift; sourceTree = "<group>"; };
		A8CE33A73D66D88C11565827 /* QuestView.swift */ = {isa = PBXFileReference; lastKnownFileType = sourcecode.swift; path = QuestView.swift; sourceTree = "<group>"; };
		293E345AF35AEB349CC1BA99 /* EstimationInputView.swift */ = {isa = PBXFileReference; lastKnownFileType = sourcecode.swift; path = EstimationInputView.swift; sourceTree = "<group>"; };
		13F3346C9CA12362982CFDDD /* TaskActiveView.swift */ = {isa = PBXFileReference; lastKnownFileType = sourcecode.swift; path = TaskActiveView.swift; sourceTree = "<group>"; };
		CB3D023708575C6485D42451 /* AccuracyRevealView.swift */ = {isa = PBXFileReference; lastKnownFileType = sourcecode.swift; path = AccuracyRevealView.swift; sourceTree = "<group>"; };
		54B04D216A554BD7BC6FEE70 /* SessionSummaryView.swift */ = {isa = PBXFileReference; lastKnownFileType = sourcecode.swift; path = SessionSummaryView.swift; sourceTree = "<group>"; };
		EEB43724B1E73321278FF988 /* OnboardingView.swift */ = {isa = PBXFileReference; lastKnownFileType = sourcecode.swift; path = OnboardingView.swift; sourceTree = "<group>"; };
		A582F38FB72FB39098797055 /* AccuracyMeter.swift */ = {isa = PBXFileReference; lastKnownFileType = sourcecode.swift; path = AccuracyMeter.swift; sourceTree = "<group>"; };
		48FAAA73FBFE10ACC608776C /* AccuracyRevealScene.swift */ = {isa = PBXFileReference; lastKnownFileType = sourcecode.swift; path = AccuracyRevealScene.swift; sourceTree = "<group>"; };
		B7B78E9A7929A20579C4D0F6 /* PlayerProfile.swift */ = {isa = PBXFileReference; lastKnownFileType = sourcecode.swift; path = PlayerProfile.swift; sourceTree = "<group>"; };
		A0ED513B6778DB1E6B992E93 /* XPEngine.swift */ = {isa = PBXFileReference; lastKnownFileType = sourcecode.swift; path = XPEngine.swift; sourceTree = "<group>"; };
		B32DD0D2969DDB2A96024C86 /* LevelCalculator.swift */ = {isa = PBXFileReference; lastKnownFileType = sourcecode.swift; path = LevelCalculator.swift; sourceTree = "<group>"; };
		7A85618C50F841583D5E4E01 /* StreakTracker.swift */ = {isa = PBXFileReference; lastKnownFileType = sourcecode.swift; path = StreakTracker.swift; sourceTree = "<group>"; };
		94C265C1AFAEB150B784E98E /* PersonalBestTracker.swift */ = {isa = PBXFileReference; lastKnownFileType = sourcecode.swift; path = PersonalBestTracker.swift; sourceTree = "<group>"; };
		C1A0E5012DE523468FEDF28A /* PlayerProfileRepository.swift */ = {isa = PBXFileReference; lastKnownFileType = sourcecode.swift; path = PlayerProfileRepository.swift; sourceTree = "<group>"; };
		216F874AD6C128DA8D680294 /* ProgressionViewModel.swift */ = {isa = PBXFileReference; lastKnownFileType = sourcecode.swift; path = ProgressionViewModel.swift; sourceTree = "<group>"; };
		E2DA0CE15588365B6DA73495 /* XPBarView.swift */ = {isa = PBXFileReference; lastKnownFileType = sourcecode.swift; path = XPBarView.swift; sourceTree = "<group>"; };
		54D946284EC2F48456480E85 /* StreakBadgeView.swift */ = {isa = PBXFileReference; lastKnownFileType = sourcecode.swift; path = StreakBadgeView.swift; sourceTree = "<group>"; };
		9F02E552637FD6689A9ED8AA /* LevelBadgeView.swift */ = {isa = PBXFileReference; lastKnownFileType = sourcecode.swift; path = LevelBadgeView.swift; sourceTree = "<group>"; };
		1DA350C72CD7E25C7909325C /* AccuracyTrendChartView.swift */ = {isa = PBXFileReference; lastKnownFileType = sourcecode.swift; path = AccuracyTrendChartView.swift; sourceTree = "<group>"; };
		0A10E1E17B603596686DF9B4 /* PlayerStatsView.swift */ = {isa = PBXFileReference; lastKnownFileType = sourcecode.swift; path = PlayerStatsView.swift; sourceTree = "<group>"; };
		8463228B7796D2D7093CE8A1 /* SoundManager.swift */ = {isa = PBXFileReference; lastKnownFileType = sourcecode.swift; path = SoundManager.swift; sourceTree = "<group>"; };
		F5719EDE0B60E54401B40848 /* NotificationManager.swift */ = {isa = PBXFileReference; lastKnownFileType = sourcecode.swift; path = NotificationManager.swift; sourceTree = "<group>"; };
		53B9BEF67373DCAB8D2A38CB /* CelebrationScene.swift */ = {isa = PBXFileReference; lastKnownFileType = sourcecode.swift; path = CelebrationScene.swift; sourceTree = "<group>"; };
		7DF63ABC37C928EC96B20DB0 /* NotificationSettingsView.swift */ = {isa = PBXFileReference; lastKnownFileType = sourcecode.swift; path = NotificationSettingsView.swift; sourceTree = "<group>"; };
		9960BDD6D76F973F098113A3 /* TimeQuestSchemaV1.swift */ = {isa = PBXFileReference; lastKnownFileType = sourcecode.swift; path = TimeQuestSchemaV1.swift; sourceTree = "<group>"; };
		C78C497303F02FE1EF3A11D4 /* TimeQuestSchemaV2.swift */ = {isa = PBXFileReference; lastKnownFileType = sourcecode.swift; path = TimeQuestSchemaV2.swift; sourceTree = "<group>"; };
		628754F723F21246E3FAE5C9 /* TimeQuestMigrationPlan.swift */ = {isa = PBXFileReference; lastKnownFileType = sourcecode.swift; path = TimeQuestMigrationPlan.swift; sourceTree = "<group>"; };
		B56922415B00760E3BD5BE44 /* CloudKitSyncMonitor.swift */ = {isa = PBXFileReference; lastKnownFileType = sourcecode.swift; path = CloudKitSyncMonitor.swift; sourceTree = "<group>"; };
		A9C53967A66FE9624E7FE047 /* estimate_lock.wav */ = {isa = PBXFileReference; lastKnownFileType = audio.wav; path = estimate_lock.wav; sourceTree = "<group>"; };
		3032B711265DA92BA6779233 /* reveal.wav */ = {isa = PBXFileReference; lastKnownFileType = audio.wav; path = reveal.wav; sourceTree = "<group>"; };
		FD6FAC248F8FC360BFCF5C0D /* level_up.wav */ = {isa = PBXFileReference; lastKnownFileType = audio.wav; path = level_up.wav; sourceTree = "<group>"; };
		B36BFC13553E59B6021D2D15 /* personal_best.wav */ = {isa = PBXFileReference; lastKnownFileType = audio.wav; path = personal_best.wav; sourceTree = "<group>"; };
		3814B9FB94973A3EF24A3322 /* session_complete.wav */ = {isa = PBXFileReference; lastKnownFileType = audio.wav; path = session_complete.wav; sourceTree = "<group>"; };
		50096CFEB5156D9BAE115C4F /* TimeQuest.entitlements */ = {isa = PBXFileReference; lastKnownFileType = text.plist.entitlements; path = TimeQuest.entitlements; sourceTree = "<group>"; };
		40C1C6D03D28CB89439159A7 /* Assets.xcassets */ = {isa = PBXFileReference; lastKnownFileType = folder.assetcatalog; path = Assets.xcassets; sourceTree = "<group>"; };
		0ADBB4BAAE8373B53C4AEB43 /* TimeQuest.app */ = {isa = PBXFileReference; explicitFileType = wrapper.application; includeInIndex = 0; path = TimeQuest.app; sourceTree = BUILT_PRODUCTS_DIR; };
/* End PBXFileReference section */

/* Begin PBXFrameworksBuildPhase section */
		BB941BFF8EA626F5C5645E6F /* Frameworks */ = {
			isa = PBXFrameworksBuildPhase;
			buildActionMask = 2147483647;
			files = (
			);
			runOnlyForDeploymentPostprocessing = 0;
		};
/* End PBXFrameworksBuildPhase section */

/* Begin PBXGroup section */
		13661F31B83D04AB05750309 /* App */ = {
			isa = PBXGroup;
			children = (
				5676D267E1977976561FCB3D /* TimeQuestApp.swift */,
				8DA658519375EA862F810BE2 /* AppDependencies.swift */,
				99D8CF6E327C7097195F3542 /* RoleRouter.swift */,
			);
			path = App;
			sourceTree = "<group>";
		};
		163E02FF81C06439BA159C84 /* Models */ = {
			isa = PBXGroup;
			children = (
				29426C2F7E1F17EF12E54603 /* Routine.swift */,
				52DD09510BB92268EA6D4DA5 /* RoutineTask.swift */,
				0AA08AD99025398B273C105D /* GameSession.swift */,
				9E8127EDAF92F1F8739FAA95 /* TaskEstimation.swift */,
				B7B78E9A7929A20579C4D0F6 /* PlayerProfile.swift */,
				4404494FF144867CF1F79393 /* Schemas */,
				5242F73DF0713895569BFD2E /* Migration */,
			);
			path = Models;
			sourceTree = "<group>";
		};
		4404494FF144867CF1F79393 /* Schemas */ = {
			isa = PBXGroup;
			children = (
				9960BDD6D76F973F098113A3 /* TimeQuestSchemaV1.swift */,
				C78C497303F02FE1EF3A11D4 /* TimeQuestSchemaV2.swift */,
			);
			path = Schemas;
			sourceTree = "<group>";
		};
		5242F73DF0713895569BFD2E /* Migration */ = {
			isa = PBXGroup;
			children = (
				628754F723F21246E3FAE5C9 /* TimeQuestMigrationPlan.swift */,
			);
			path = Migration;
			sourceTree = "<group>";
		};
		81CB8C502CAFB5940405B8F5 /* Repositories */ = {
			isa = PBXGroup;
			children = (
				1FA42FB8FD56B9C30CB0F7CD /* RoutineRepository.swift */,
				1FAF5C24EAAE47C01AD6BA23 /* SessionRepository.swift */,
				C1A0E5012DE523468FEDF28A /* PlayerProfileRepository.swift */,
			);
			path = Repositories;
			sourceTree = "<group>";
		};
		31FB90FB8A4DFF8FC36FAA6D /* Domain */ = {
			isa = PBXGroup;
			children = (
				EC2995F86D98C7BABEF2E424 /* TimeEstimationScorer.swift */,
				ACF1299610637FB2EF8E9265 /* FeedbackGenerator.swift */,
				8A7CF224EDC15C56C8396CD2 /* CalibrationTracker.swift */,
				A0ED513B6778DB1E6B992E93 /* XPEngine.swift */,
				B32DD0D2969DDB2A96024C86 /* LevelCalculator.swift */,
				7A85618C50F841583D5E4E01 /* StreakTracker.swift */,
				94C265C1AFAEB150B784E98E /* PersonalBestTracker.swift */,
			);
			path = Domain;
			sourceTree = "<group>";
		};
		B8D2B8990771E49D98D49A66 /* Services */ = {
			isa = PBXGroup;
			children = (
				8463228B7796D2D7093CE8A1 /* SoundManager.swift */,
				F5719EDE0B60E54401B40848 /* NotificationManager.swift */,
				B56922415B00760E3BD5BE44 /* CloudKitSyncMonitor.swift */,
			);
			path = Services;
			sourceTree = "<group>";
		};
		CBC2F529246A70FFEA7F3685 /* Shared */ = {
			isa = PBXGroup;
			children = (
				731D0BBD445BBEEFA57B303E /* Components */,
				08EDDEDB9FFCB5A5F2103380 /* SharedViews */,
			);
			path = Shared;
			sourceTree = "<group>";
		};
		731D0BBD445BBEEFA57B303E /* Components */ = {
			isa = PBXGroup;
			children = (
				BC986D6DD4BC31A94AB44C4A /* TimeFormatting.swift */,
				A582F38FB72FB39098797055 /* AccuracyMeter.swift */,
				E2DA0CE15588365B6DA73495 /* XPBarView.swift */,
				54D946284EC2F48456480E85 /* StreakBadgeView.swift */,
				9F02E552637FD6689A9ED8AA /* LevelBadgeView.swift */,
			);
			path = Components;
			sourceTree = "<group>";
		};
		08EDDEDB9FFCB5A5F2103380 /* SharedViews */ = {
			isa = PBXGroup;
			children = (
				F7D8A1944ABB392D209D797D /* PINEntryView.swift */,
			);
			path = Views;
			sourceTree = "<group>";
		};
		8296A0E3ABFEDA8152B89447 /* Player */ = {
			isa = PBXGroup;
			children = (
				EE8EF574D6F9DED607C79EF6 /* PlayerViews */,
				EFAB5B570908810EF2293A2B /* PlayerViewModels */,
			);
			path = Player;
			sourceTree = "<group>";
		};
		EE8EF574D6F9DED607C79EF6 /* PlayerViews */ = {
			isa = PBXGroup;
			children = (
				770532AFB2635DEA84497563 /* PlayerHomeView.swift */,
				A8CE33A73D66D88C11565827 /* QuestView.swift */,
				293E345AF35AEB349CC1BA99 /* EstimationInputView.swift */,
				13F3346C9CA12362982CFDDD /* TaskActiveView.swift */,
				CB3D023708575C6485D42451 /* AccuracyRevealView.swift */,
				54B04D216A554BD7BC6FEE70 /* SessionSummaryView.swift */,
				EEB43724B1E73321278FF988 /* OnboardingView.swift */,
				1DA350C72CD7E25C7909325C /* AccuracyTrendChartView.swift */,
				0A10E1E17B603596686DF9B4 /* PlayerStatsView.swift */,
				7DF63ABC37C928EC96B20DB0 /* NotificationSettingsView.swift */,
			);
			path = Views;
			sourceTree = "<group>";
		};
		EFAB5B570908810EF2293A2B /* PlayerViewModels */ = {
			isa = PBXGroup;
			children = (
				135E10FFC2467D1488EF2E0B /* GameSessionViewModel.swift */,
				216F874AD6C128DA8D680294 /* ProgressionViewModel.swift */,
			);
			path = ViewModels;
			sourceTree = "<group>";
		};
		7AC7855FD5831E047ABD3F4E /* Parent */ = {
			isa = PBXGroup;
			children = (
				B193875FC06C3946BD1D7DFC /* ParentViews */,
				C9F3AC508BAD6B7D6A8DA448 /* ParentViewModels */,
			);
			path = Parent;
			sourceTree = "<group>";
		};
		B193875FC06C3946BD1D7DFC /* ParentViews */ = {
			isa = PBXGroup;
			children = (
				F12B6C0F1C05464FC40D33B3 /* ParentDashboardView.swift */,
				5955312F2A92BAC869C61894 /* RoutineListView.swift */,
				D1932AC4F2D412BA61B2A04D /* RoutineEditorView.swift */,
				56199E9D52DE34757EF5CB4A /* TaskEditorView.swift */,
				E9B1E6E9BC3F3C3E7F6CF544 /* SchedulePickerView.swift */,
			);
			path = Views;
			sourceTree = "<group>";
		};
		C9F3AC508BAD6B7D6A8DA448 /* ParentViewModels */ = {
			isa = PBXGroup;
			children = (
				5DED769CC7C5004D0476FD9A /* RoutineEditorViewModel.swift */,
			);
			path = ViewModels;
			sourceTree = "<group>";
		};
		88043BBC95AEF1130067A281 /* Features */ = {
			isa = PBXGroup;
			children = (
				8296A0E3ABFEDA8152B89447 /* Player */,
				7AC7855FD5831E047ABD3F4E /* Parent */,
				CBC2F529246A70FFEA7F3685 /* Shared */,
			);
			path = Features;
			sourceTree = "<group>";
		};
		FF4B05989D12EEDB7CD6699B /* Game */ = {
			isa = PBXGroup;
			children = (
				48FAAA73FBFE10ACC608776C /* AccuracyRevealScene.swift */,
				53B9BEF67373DCAB8D2A38CB /* CelebrationScene.swift */,
			);
			path = Game;
			sourceTree = "<group>";
		};
		3250A30EC555F59552AA9516 /* Sounds */ = {
			isa = PBXGroup;
			children = (
				A9C53967A66FE9624E7FE047 /* estimate_lock.wav */,
				3032B711265DA92BA6779233 /* reveal.wav */,
				FD6FAC248F8FC360BFCF5C0D /* level_up.wav */,
				B36BFC13553E59B6021D2D15 /* personal_best.wav */,
				3814B9FB94973A3EF24A3322 /* session_complete.wav */,
			);
			path = Sounds;
			sourceTree = "<group>";
		};
		9A0C90ABDE7A34E2520823A3 /* Resources */ = {
			isa = PBXGroup;
			children = (
				40C1C6D03D28CB89439159A7 /* Assets.xcassets */,
				3250A30EC555F59552AA9516 /* Sounds */,
			);
			path = Resources;
			sourceTree = "<group>";
		};
		F00EC3DAB77C8AA271C4D97C = {
			isa = PBXGroup;
			children = (
				13661F31B83D04AB05750309 /* App */,
				163E02FF81C06439BA159C84 /* Models */,
				81CB8C502CAFB5940405B8F5 /* Repositories */,
				31FB90FB8A4DFF8FC36FAA6D /* Domain */,
				B8D2B8990771E49D98D49A66 /* Services */,
				88043BBC95AEF1130067A281 /* Features */,
				FF4B05989D12EEDB7CD6699B /* Game */,
				9A0C90ABDE7A34E2520823A3 /* Resources */,
				50096CFEB5156D9BAE115C4F /* TimeQuest.entitlements */,
				0C2FB7CCF0486A3A37853AEB /* Products */,
			);
			sourceTree = "<group>";
		};
		0C2FB7CCF0486A3A37853AEB /* Products */ = {
			isa = PBXGroup;
			children = (
				0ADBB4BAAE8373B53C4AEB43 /* TimeQuest.app */,
			);
			name = Products;
			sourceTree = "<group>";
		};
/* End PBXGroup section */

/* Begin PBXNativeTarget section */
		B6C3DFB9B89B0802EA4C4FA8 /* TimeQuest */ = {
			isa = PBXNativeTarget;
			buildConfigurationList = 9C41255CBFAE72885E8F5802 /* Build configuration list for PBXNativeTarget "TimeQuest" */;
			buildPhases = (
				07A99F3181AF498B95B3A4AB /* Sources */,
				BB941BFF8EA626F5C5645E6F /* Frameworks */,
				D277B6F4AC0A1C4E3A14F521 /* Resources */,
			);
			buildRules = (
			);
			dependencies = (
			);
			name = TimeQuest;
			productName = TimeQuest;
			productReference = 0ADBB4BAAE8373B53C4AEB43 /* TimeQuest.app */;
			productType = "com.apple.product-type.application";
		};
/* End PBXNativeTarget section */

/* Begin PBXProject section */
		989FF4BD025E806617608A0D /* Project object */ = {
			isa = PBXProject;
			attributes = {
				BuildIndependentTargetsInParallel = 1;
				LastSwiftUpdateCheck = 1620;
				LastUpgradeCheck = 1620;
			};
			buildConfigurationList = 754E56DCA394AFD2B4086012 /* Build configuration list for PBXProject "TimeQuest" */;
			compatibilityVersion = "Xcode 15.0";
			developmentRegion = en;
			hasScannedForEncodings = 0;
			knownRegions = (
				en,
				Base,
			);
			mainGroup = F00EC3DAB77C8AA271C4D97C;
			productRefGroup = 0C2FB7CCF0486A3A37853AEB /* Products */;
			projectDirPath = "";
			projectRoot = "";
			targets = (
				B6C3DFB9B89B0802EA4C4FA8 /* TimeQuest */,
			);
		};
/* End PBXProject section */

/* Begin PBXResourcesBuildPhase section */
		D277B6F4AC0A1C4E3A14F521 /* Resources */ = {
			isa = PBXResourcesBuildPhase;
			buildActionMask = 2147483647;
			files = (
				6482AAA845A8C819CA47E7ED /* estimate_lock.wav in Resources */,
				D0293D474F96BC2EC24C9371 /* reveal.wav in Resources */,
				4C0CD9BA0BD6E018FCD75890 /* level_up.wav in Resources */,
				DC98176927E4173EEB8AFA87 /* personal_best.wav in Resources */,
				CBDCABC621672FCD7A015C9D /* session_complete.wav in Resources */,
				F51B013BD698BF6A39B95D16 /* Assets.xcassets in Resources */,
			);
			runOnlyForDeploymentPostprocessing = 0;
		};
/* End PBXResourcesBuildPhase section */

/* Begin PBXSourcesBuildPhase section */
		07A99F3181AF498B95B3A4AB /* Sources */ = {
			isa = PBXSourcesBuildPhase;
			buildActionMask = 2147483647;
			files = (
				D3C657F9E735F7F4DD0DCC7E /* TimeQuestApp.swift in Sources */,
				99E449BE8A371954EDD20F6A /* AppDependencies.swift in Sources */,
				24727B31360BC84F9E166F9C /* RoleRouter.swift in Sources */,
				974EE217AF4879F328419F0A /* Routine.swift in Sources */,
				F3AE1B285E5C31E039DDE862 /* RoutineTask.swift in Sources */,
				5AC38DB27E74F87089B7BC79 /* GameSession.swift in Sources */,
				5F82F917AAA98CAEF6499321 /* TaskEstimation.swift in Sources */,
				9D9AF267DE70CCA9CDC9441B /* RoutineRepository.swift in Sources */,
				9A8E45D5BD07E6F6015D974A /* SessionRepository.swift in Sources */,
				6BEF777E05AA6A43E60F594F /* TimeEstimationScorer.swift in Sources */,
				EED94F9C27D8E35E8C0CB107 /* FeedbackGenerator.swift in Sources */,
				6817924B8FB08FCD183FCC11 /* CalibrationTracker.swift in Sources */,
				8B9E5F48E86E234743BC93FF /* TimeFormatting.swift in Sources */,
				9CA4C2D11908A4484F047F48 /* PINEntryView.swift in Sources */,
				0EC020DFA6944F439D88D622 /* PlayerHomeView.swift in Sources */,
				66E03BDA67A2B5EC11B2B16B /* ParentDashboardView.swift in Sources */,
				3C7A654EA3899410163161F7 /* RoutineListView.swift in Sources */,
				D77E27F6C473AEE30F1F9EEB /* RoutineEditorView.swift in Sources */,
				05BC186BC2CF6B4EDE02A8C9 /* TaskEditorView.swift in Sources */,
				C7FDE1CB31EB8EC0FDD5C25A /* SchedulePickerView.swift in Sources */,
				A9C73F365CC9DB64D4220982 /* RoutineEditorViewModel.swift in Sources */,
				901471500A8DF32EE04101C8 /* GameSessionViewModel.swift in Sources */,
				B621FDB46F8CFBB2444C88F9 /* QuestView.swift in Sources */,
				7873AF14BC3A04AAFD883FA8 /* EstimationInputView.swift in Sources */,
				0AB935720C61443D295121D4 /* TaskActiveView.swift in Sources */,
				CBC63F3579D7BBAE04FDE2FA /* AccuracyRevealView.swift in Sources */,
				BB0A9983844E29A01CEF3475 /* SessionSummaryView.swift in Sources */,
				539E55C7E1AFEC0BE397974E /* OnboardingView.swift in Sources */,
				5FE1C9E204C145FF78F32044 /* AccuracyMeter.swift in Sources */,
				AB147F4D7D254CAC61FA5812 /* AccuracyRevealScene.swift in Sources */,
				9BF59C5A44E992F00D3A930F /* PlayerProfile.swift in Sources */,
				DD07FE576D28F00FB38CA58A /* XPEngine.swift in Sources */,
				4C72ABF681DF83DB1242368B /* LevelCalculator.swift in Sources */,
				AB90607660EB73882CBE3036 /* StreakTracker.swift in Sources */,
				5C55093BB5AAC33745D7455D /* PersonalBestTracker.swift in Sources */,
				ED3316A879F5D16F5B30565A /* PlayerProfileRepository.swift in Sources */,
				29F16801A4420E36DA58F1CF /* ProgressionViewModel.swift in Sources */,
				66B5C8DB45F2A5098CD47A95 /* XPBarView.swift in Sources */,
				01D1757CEA7B95D7A490CDBA /* StreakBadgeView.swift in Sources */,
				66D55F18963EF43F70DA153E /* LevelBadgeView.swift in Sources */,
				6E6F0E411FF47B8E5220A346 /* AccuracyTrendChartView.swift in Sources */,
				62CAAEADAE078A4E7519260D /* PlayerStatsView.swift in Sources */,
				81B18C36A84577939B0625EA /* SoundManager.swift in Sources */,
				67A30D9D755DA411A80D975F /* NotificationManager.swift in Sources */,
				6F65CDCFBF692DEB8C743AE4 /* CelebrationScene.swift in Sources */,
				1B4C303AACC9FE00B29F185D /* NotificationSettingsView.swift in Sources */,
				B4E43755D780CB0B388245D1 /* TimeQuestSchemaV1.swift in Sources */,
				FB777891736DB042F7EB549D /* TimeQuestSchemaV2.swift in Sources */,
				96B8371CE231CA3E3AC54431 /* TimeQuestMigrationPlan.swift in Sources */,
				E7AD4379AD2B2A63EC3798AF /* CloudKitSyncMonitor.swift in Sources */,
			);
			runOnlyForDeploymentPostprocessing = 0;
		};
/* End PBXSourcesBuildPhase section */

/* Begin XCBuildConfiguration section */
		7FF4AFE7E87D0BCFB3F54354 /* Debug */ = {
			isa = XCBuildConfiguration;
			buildSettings = {
				ALWAYS_SEARCH_USER_PATHS = NO;
				ASCLOPTIMIZE = YES;
				CLANG_ANALYZER_NONNULL = YES;
				CLANG_ANALYZER_NUMBER_OBJECT_CONVERSION = YES_AGGRESSIVE;
				CLANG_CXX_LANGUAGE_STANDARD = "gnu++20";
				CLANG_ENABLE_MODULES = YES;
				CLANG_ENABLE_OBJC_ARC = YES;
				CLANG_ENABLE_OBJC_WEAK = YES;
				CLANG_WARN_BLOCK_CAPTURE_AUTORELEASING = YES;
				CLANG_WARN_BOOL_CONVERSION = YES;
				CLANG_WARN_COMMA = YES;
				CLANG_WARN_CONSTANT_CONVERSION = YES;
				CLANG_WARN_DEPRECATED_OBJC_IMPLEMENTATIONS = YES;
				CLANG_WARN_DIRECT_OBJC_ISA_USAGE = YES_ERROR;
				CLANG_WARN_DOCUMENTATION_COMMENTS = YES;
				CLANG_WARN_EMPTY_BODY = YES;
				CLANG_WARN_ENUM_CONVERSION = YES;
				CLANG_WARN_INFINITE_RECURSION = YES;
				CLANG_WARN_INT_CONVERSION = YES;
				CLANG_WARN_NON_LITERAL_NULL_CONVERSION = YES;
				CLANG_WARN_OBJC_IMPLICIT_RETAIN_SELF = YES;
				CLANG_WARN_OBJC_LITERAL_CONVERSION = YES;
				CLANG_WARN_OBJC_ROOT_CLASS = YES_ERROR;
				CLANG_WARN_QUOTED_INCLUDE_IN_FRAMEWORK_HEADER = YES;
				CLANG_WARN_RANGE_LOOP_ANALYSIS = YES;
				CLANG_WARN_STRICT_PROTOTYPES = YES;
				CLANG_WARN_SUSPICIOUS_MOVE = YES;
				CLANG_WARN_UNGUARDED_AVAILABILITY = YES_AGGRESSIVE;
				CLANG_WARN_UNREACHABLE_CODE = YES;
				CLANG_WARN__DUPLICATE_METHOD_MATCH = YES;
				COPY_PHASE_STRIP = NO;
				DEBUG_INFORMATION_FORMAT = dwarf;
				ENABLE_STRICT_OBJC_MSGSEND = YES;
				ENABLE_TESTABILITY = YES;
				ENABLE_USER_SCRIPT_SANDBOXING = YES;
				GCC_C_LANGUAGE_STANDARD = gnu17;
				GCC_DYNAMIC_NO_PIC = NO;
				GCC_NO_COMMON_BLOCKS = YES;
				GCC_OPTIMIZATION_LEVEL = 0;
				GCC_PREPROCESSOR_DEFINITIONS = (
					"DEBUG=1",
					"$(inherited)",
				);
				GCC_WARN_64_TO_32_BIT_CONVERSION = YES;
				GCC_WARN_ABOUT_RETURN_TYPE = YES_ERROR;
				GCC_WARN_UNDECLARED_SELECTOR = YES;
				GCC_WARN_UNINITIALIZED_AUTOS = YES_AGGRESSIVE;
				GCC_WARN_UNUSED_FUNCTION = YES;
				GCC_WARN_UNUSED_VARIABLE = YES;
				IPHONEOS_DEPLOYMENT_TARGET = 17.0;
				MTL_ENABLE_DEBUG_INFO = INCLUDE_SOURCE;
				MTL_FAST_MATH = YES;
				ONLY_ACTIVE_ARCH = YES;
				SDKROOT = iphoneos;
				SWIFT_ACTIVE_COMPILATION_CONDITIONS = "$(inherited) DEBUG";
				SWIFT_OPTIMIZATION_LEVEL = "-Onone";
			};
			name = Debug;
		};
		A9F12946B12E483D6D955935 /* Release */ = {
			isa = XCBuildConfiguration;
			buildSettings = {
				ALWAYS_SEARCH_USER_PATHS = NO;
				ASCLOPTIMIZE = YES;
				CLANG_ANALYZER_NONNULL = YES;
				CLANG_ANALYZER_NUMBER_OBJECT_CONVERSION = YES_AGGRESSIVE;
				CLANG_CXX_LANGUAGE_STANDARD = "gnu++20";
				CLANG_ENABLE_MODULES = YES;
				CLANG_ENABLE_OBJC_ARC = YES;
				CLANG_ENABLE_OBJC_WEAK = YES;
				CLANG_WARN_BLOCK_CAPTURE_AUTORELEASING = YES;
				CLANG_WARN_BOOL_CONVERSION = YES;
				CLANG_WARN_COMMA = YES;
				CLANG_WARN_CONSTANT_CONVERSION = YES;
				CLANG_WARN_DEPRECATED_OBJC_IMPLEMENTATIONS = YES;
				CLANG_WARN_DIRECT_OBJC_ISA_USAGE = YES_ERROR;
				CLANG_WARN_DOCUMENTATION_COMMENTS = YES;
				CLANG_WARN_EMPTY_BODY = YES;
				CLANG_WARN_ENUM_CONVERSION = YES;
				CLANG_WARN_INFINITE_RECURSION = YES;
				CLANG_WARN_INT_CONVERSION = YES;
				CLANG_WARN_NON_LITERAL_NULL_CONVERSION = YES;
				CLANG_WARN_OBJC_IMPLICIT_RETAIN_SELF = YES;
				CLANG_WARN_OBJC_LITERAL_CONVERSION = YES;
				CLANG_WARN_OBJC_ROOT_CLASS = YES_ERROR;
				CLANG_WARN_QUOTED_INCLUDE_IN_FRAMEWORK_HEADER = YES;
				CLANG_WARN_RANGE_LOOP_ANALYSIS = YES;
				CLANG_WARN_STRICT_PROTOTYPES = YES;
				CLANG_WARN_SUSPICIOUS_MOVE = YES;
				CLANG_WARN_UNGUARDED_AVAILABILITY = YES_AGGRESSIVE;
				CLANG_WARN_UNREACHABLE_CODE = YES;
				CLANG_WARN__DUPLICATE_METHOD_MATCH = YES;
				COPY_PHASE_STRIP = NO;
				DEBUG_INFORMATION_FORMAT = "dwarf-with-dsym";
				ENABLE_NS_ASSERTIONS = NO;
				ENABLE_STRICT_OBJC_MSGSEND = YES;
				ENABLE_USER_SCRIPT_SANDBOXING = YES;
				GCC_C_LANGUAGE_STANDARD = gnu17;
				GCC_NO_COMMON_BLOCKS = YES;
				GCC_WARN_64_TO_32_BIT_CONVERSION = YES;
				GCC_WARN_ABOUT_RETURN_TYPE = YES_ERROR;
				GCC_WARN_UNDECLARED_SELECTOR = YES;
				GCC_WARN_UNINITIALIZED_AUTOS = YES_AGGRESSIVE;
				GCC_WARN_UNUSED_FUNCTION = YES;
				GCC_WARN_UNUSED_VARIABLE = YES;
				IPHONEOS_DEPLOYMENT_TARGET = 17.0;
				MTL_FAST_MATH = YES;
				SDKROOT = iphoneos;
				SWIFT_COMPILATION_MODE = wholemodule;
				VALIDATE_PRODUCT = YES;
			};
			name = Release;
		};
		FFEC68072BAB53C4B3DA888E /* Debug */ = {
			isa = XCBuildConfiguration;
			buildSettings = {
				ASSETCATALOG_COMPILER_APPICON_NAME = AppIcon;
				ASSETCATALOG_COMPILER_GLOBAL_ACCENT_COLOR_NAME = AccentColor;
				CODE_SIGN_ENTITLEMENTS = TimeQuest.entitlements;
				CODE_SIGN_STYLE = Automatic;
				CURRENT_PROJECT_VERSION = 1;
				DEVELOPMENT_TEAM = "";
				GENERATE_INFOPLIST_FILE = YES;
				INFOPLIST_KEY_CFBundleDisplayName = TimeQuest;
				INFOPLIST_KEY_UIApplicationSceneManifest_Generation = YES;
				INFOPLIST_KEY_UIApplicationSupportsIndirectInputEvents = YES;
				INFOPLIST_KEY_UIBackgroundModes = "remote-notification";
				INFOPLIST_KEY_UILaunchScreen_Generation = YES;
				INFOPLIST_KEY_UISupportedInterfaceOrientations_iPhone = "UIInterfaceOrientationPortrait UIInterfaceOrientationLandscapeLeft UIInterfaceOrientationLandscapeRight";
				LD_RUNPATH_SEARCH_PATHS = (
					"$(inherited)",
					"@executable_path/Frameworks",
				);
				MARKETING_VERSION = 1.0;
				PRODUCT_BUNDLE_IDENTIFIER = com.timequest.app;
				PRODUCT_NAME = "$(TARGET_NAME)";
				SWIFT_EMIT_LOC_STRINGS = YES;
				SWIFT_VERSION = 6.0;
				TARGETED_DEVICE_FAMILY = "1,2";
			};
			name = Debug;
		};
		42650504D200BE575C64627D /* Release */ = {
			isa = XCBuildConfiguration;
			buildSettings = {
				ASSETCATALOG_COMPILER_APPICON_NAME = AppIcon;
				ASSETCATALOG_COMPILER_GLOBAL_ACCENT_COLOR_NAME = AccentColor;
				CODE_SIGN_ENTITLEMENTS = TimeQuest.entitlements;
				CODE_SIGN_STYLE = Automatic;
				CURRENT_PROJECT_VERSION = 1;
				DEVELOPMENT_TEAM = "";
				GENERATE_INFOPLIST_FILE = YES;
				INFOPLIST_KEY_CFBundleDisplayName = TimeQuest;
				INFOPLIST_KEY_UIApplicationSceneManifest_Generation = YES;
				INFOPLIST_KEY_UIApplicationSupportsIndirectInputEvents = YES;
				INFOPLIST_KEY_UIBackgroundModes = "remote-notification";
				INFOPLIST_KEY_UILaunchScreen_Generation = YES;
				INFOPLIST_KEY_UISupportedInterfaceOrientations_iPhone = "UIInterfaceOrientationPortrait UIInterfaceOrientationLandscapeLeft UIInterfaceOrientationLandscapeRight";
				LD_RUNPATH_SEARCH_PATHS = (
					"$(inherited)",
					"@executable_path/Frameworks",
				);
				MARKETING_VERSION = 1.0;
				PRODUCT_BUNDLE_IDENTIFIER = com.timequest.app;
				PRODUCT_NAME = "$(TARGET_NAME)";
				SWIFT_EMIT_LOC_STRINGS = YES;
				SWIFT_VERSION = 6.0;
				TARGETED_DEVICE_FAMILY = "1,2";
			};
			name = Release;
		};
/* End XCBuildConfiguration section */

/* Begin XCConfigurationList section */
		754E56DCA394AFD2B4086012 /* Build configuration list for PBXProject "TimeQuest" */ = {
			isa = XCConfigurationList;
			buildConfigurations = (
				7FF4AFE7E87D0BCFB3F54354 /* Debug */,
				A9F12946B12E483D6D955935 /* Release */,
			);
			defaultConfigurationIsVisible = 0;
			defaultConfigurationName = Release;
		};
		9C41255CBFAE72885E8F5802 /* Build configuration list for PBXNativeTarget "TimeQuest" */ = {
			isa = XCConfigurationList;
			buildConfigurations = (
				FFEC68072BAB53C4B3DA888E /* Debug */,
				42650504D200BE575C64627D /* Release */,
			);
			defaultConfigurationIsVisible = 0;
			defaultConfigurationName = Release;
		};
/* End XCConfigurationList section */

	};
	rootObject = 989FF4BD025E806617608A0D /* Project object */;
}
