// !$*UTF8*$!
{
	archiveVersion = 1;
	classes = {
	};
	objectVersion = 77;
	objects = {

/* Begin PBXBuildFile section */
		4487988903694BD6D5384A63 /* TimeQuestApp.swift in Sources */ = {isa = PBXBuildFile; fileRef = 0F9B3DE92BC5240E406E674B /* TimeQuestApp.swift */; };
		8EB5A69D3615BDF049696E56 /* AppDependencies.swift in Sources */ = {isa = PBXBuildFile; fileRef = F7F7791D9B48086EBDA3201B /* AppDependencies.swift */; };
		4FD35F247AEDE44E5C9B66A8 /* RoleRouter.swift in Sources */ = {isa = PBXBuildFile; fileRef = BA3F0E87E035D4054832AC89 /* RoleRouter.swift */; };
		5AE5DA2D25B0CB664FB7187D /* Routine.swift in Sources */ = {isa = PBXBuildFile; fileRef = 41134524953A25DAE62E06E0 /* Routine.swift */; };
		9B38C61C591664C59259EE08 /* RoutineTask.swift in Sources */ = {isa = PBXBuildFile; fileRef = 88528009BF97E320505848FD /* RoutineTask.swift */; };
		0814D6A31D1BDEF6C542A211 /* GameSession.swift in Sources */ = {isa = PBXBuildFile; fileRef = AC19E1DFAD85E98E9331CDFF /* GameSession.swift */; };
		CA01AB96B0AB8FFD9FCBB09B /* TaskEstimation.swift in Sources */ = {isa = PBXBuildFile; fileRef = CB90FFD339C9B91E76F4E432 /* TaskEstimation.swift */; };
		BEBA2251FF6EDCF128B94C0E /* RoutineRepository.swift in Sources */ = {isa = PBXBuildFile; fileRef = EA9F7BEEB2C991FA9C65CC65 /* RoutineRepository.swift */; };
		E40B2B10050ABC76C9D34F19 /* SessionRepository.swift in Sources */ = {isa = PBXBuildFile; fileRef = C39CF627CEFFDBF23B234252 /* SessionRepository.swift */; };
		A1C2FE4E52730B8BFBF47847 /* TimeEstimationScorer.swift in Sources */ = {isa = PBXBuildFile; fileRef = 9AB248F5589105D27C09D95F /* TimeEstimationScorer.swift */; };
		D0AF8276411710D6C5B6BB67 /* FeedbackGenerator.swift in Sources */ = {isa = PBXBuildFile; fileRef = FD169075EF7B25587CAAFE6A /* FeedbackGenerator.swift */; };
		6E036BF90542667AEF040E99 /* CalibrationTracker.swift in Sources */ = {isa = PBXBuildFile; fileRef = 306F8EEA36D12EE1C8DFC42A /* CalibrationTracker.swift */; };
		13BCAEB084B07FC35B903A28 /* TimeFormatting.swift in Sources */ = {isa = PBXBuildFile; fileRef = D859E55BB87FB1943330C6B1 /* TimeFormatting.swift */; };
		A1A672A0F4FB63BE6F0B1BB3 /* PINEntryView.swift in Sources */ = {isa = PBXBuildFile; fileRef = 820D6CB40C0B5268787FB048 /* PINEntryView.swift */; };
		FE242B8F674897218D88F5E0 /* PlayerHomeView.swift in Sources */ = {isa = PBXBuildFile; fileRef = 8C1D05A74C0C1DF094BAEA6D /* PlayerHomeView.swift */; };
		63ADEE91EEAD0E4C0956AF8F /* ParentDashboardView.swift in Sources */ = {isa = PBXBuildFile; fileRef = DFA5449EF7195CEB12D43958 /* ParentDashboardView.swift */; };
		6345997B5AAFD2C3CAFAB8DD /* RoutineListView.swift in Sources */ = {isa = PBXBuildFile; fileRef = A3470CB08E15B8E5CCE63D31 /* RoutineListView.swift */; };
		34F21E79E4F307194229414E /* RoutineEditorView.swift in Sources */ = {isa = PBXBuildFile; fileRef = 11DB8C8F305DED1416AFEFF2 /* RoutineEditorView.swift */; };
		4AF03F8C7D1B3DDE4322551B /* TaskEditorView.swift in Sources */ = {isa = PBXBuildFile; fileRef = EC9443C4DB74DD584AC6B410 /* TaskEditorView.swift */; };
		8D7775AD2C962E4FC99F9506 /* SchedulePickerView.swift in Sources */ = {isa = PBXBuildFile; fileRef = 2A93F2F19C26268A9E315B2C /* SchedulePickerView.swift */; };
		68C2DA777F436E51134B2F52 /* RoutineEditorViewModel.swift in Sources */ = {isa = PBXBuildFile; fileRef = 73FEA8C92E265F3967E1C226 /* RoutineEditorViewModel.swift */; };
		F3B6C1A5709093AE668C1A65 /* GameSessionViewModel.swift in Sources */ = {isa = PBXBuildFile; fileRef = B3BED37255CA6EB73EE6B410 /* GameSessionViewModel.swift */; };
		274943641899B398933EEE6D /* QuestView.swift in Sources */ = {isa = PBXBuildFile; fileRef = DD595C7C6440AA730FA8D35C /* QuestView.swift */; };
		4793558FD35D588BD740EBA6 /* EstimationInputView.swift in Sources */ = {isa = PBXBuildFile; fileRef = A32037E122331569965D32F2 /* EstimationInputView.swift */; };
		1D3B59B90766357F7D13D776 /* TaskActiveView.swift in Sources */ = {isa = PBXBuildFile; fileRef = A861518186B758C9867AF590 /* TaskActiveView.swift */; };
		38DC9A1188B98E54DD8D4855 /* AccuracyRevealView.swift in Sources */ = {isa = PBXBuildFile; fileRef = A9A8FF59F14AF763B73D9F89 /* AccuracyRevealView.swift */; };
		0C5499BDCFB5C35D72ACD914 /* SessionSummaryView.swift in Sources */ = {isa = PBXBuildFile; fileRef = 8C63E70A2B46D3300EAA3286 /* SessionSummaryView.swift */; };
		A4DEDA762939CBF95C41DAD6 /* OnboardingView.swift in Sources */ = {isa = PBXBuildFile; fileRef = 7682C1D53E0C5DCDEB432E0C /* OnboardingView.swift */; };
		9D80C5295C9F9795FF41650B /* AccuracyMeter.swift in Sources */ = {isa = PBXBuildFile; fileRef = 7E951253836C6E0C24F8D644 /* AccuracyMeter.swift */; };
		8AFAA559B43CF3C03C03560F /* AccuracyRevealScene.swift in Sources */ = {isa = PBXBuildFile; fileRef = 33148D3BE3ACB625E872D8F3 /* AccuracyRevealScene.swift */; };
		72BEC0A0AAC261761534A1FD /* PlayerProfile.swift in Sources */ = {isa = PBXBuildFile; fileRef = 28ED76CF90E5173023627DE6 /* PlayerProfile.swift */; };
		C59C50282F7620844812EB82 /* XPEngine.swift in Sources */ = {isa = PBXBuildFile; fileRef = C7A4881CCC4F5DE5C82BE3AC /* XPEngine.swift */; };
		A25D7D5E77AC0876171261C0 /* LevelCalculator.swift in Sources */ = {isa = PBXBuildFile; fileRef = DAFD5E2BED8AF2AFF71FF851 /* LevelCalculator.swift */; };
		6D3425C5EC003655CEC424A1 /* StreakTracker.swift in Sources */ = {isa = PBXBuildFile; fileRef = 3703E1EF797FD92B04EB1D3A /* StreakTracker.swift */; };
		5895E04FA469D8608F78667D /* PersonalBestTracker.swift in Sources */ = {isa = PBXBuildFile; fileRef = EB969FD7C3B145EB6B72D0A2 /* PersonalBestTracker.swift */; };
		A1156B33FD24CABF32E0FBC7 /* PlayerProfileRepository.swift in Sources */ = {isa = PBXBuildFile; fileRef = 12874CCF70D3275C052DC79D /* PlayerProfileRepository.swift */; };
		A50791D16D57504AC8C154E4 /* ProgressionViewModel.swift in Sources */ = {isa = PBXBuildFile; fileRef = 91FACE1895A6DE88A2A88C21 /* ProgressionViewModel.swift */; };
		6485A30C823F39800C3A3B8A /* XPBarView.swift in Sources */ = {isa = PBXBuildFile; fileRef = 7EB210ABCC250D81F2C12B6D /* XPBarView.swift */; };
		DDFB34E2AE416563311FF785 /* StreakBadgeView.swift in Sources */ = {isa = PBXBuildFile; fileRef = F6C983B541E2371DAC77D7CA /* StreakBadgeView.swift */; };
		7DC20F5B02E458D48ABD1B22 /* LevelBadgeView.swift in Sources */ = {isa = PBXBuildFile; fileRef = 9219FCE6F3868C4A8BE7B116 /* LevelBadgeView.swift */; };
		57E1C63B43498CBF23C93C48 /* AccuracyTrendChartView.swift in Sources */ = {isa = PBXBuildFile; fileRef = 92702BBC8BB2F3F038AD5DEA /* AccuracyTrendChartView.swift */; };
		EDC80F7045FAE9A1059B87D4 /* PlayerStatsView.swift in Sources */ = {isa = PBXBuildFile; fileRef = B709A9A26E7C8E28D39F4473 /* PlayerStatsView.swift */; };
		AB9C3BA3F3EDBF4D17B2DB4A /* SoundManager.swift in Sources */ = {isa = PBXBuildFile; fileRef = B77636D831705A53717ED734 /* SoundManager.swift */; };
		3AFD2FBC83CB57F3CBF07596 /* NotificationManager.swift in Sources */ = {isa = PBXBuildFile; fileRef = ADA24FC4E678369586C19D9A /* NotificationManager.swift */; };
		B16022C058860CAFCB7F55D0 /* CelebrationScene.swift in Sources */ = {isa = PBXBuildFile; fileRef = 499AE69DE32ABE3554DE6F08 /* CelebrationScene.swift */; };
		7B0BBEF63CD965706ED39C57 /* NotificationSettingsView.swift in Sources */ = {isa = PBXBuildFile; fileRef = 59309FCA42ACAB47DAB15F9D /* NotificationSettingsView.swift */; };
		07FF9D2D52629AD3A347FF8C /* TimeQuestSchemaV1.swift in Sources */ = {isa = PBXBuildFile; fileRef = C7EDB1E40318C8A34C795D76 /* TimeQuestSchemaV1.swift */; };
		CF3080AD9DD1B32C03022C4F /* TimeQuestSchemaV2.swift in Sources */ = {isa = PBXBuildFile; fileRef = 598884E10D6AC3A1303168FB /* TimeQuestSchemaV2.swift */; };
		E7663FFC085CB01ECB40E1B2 /* TimeQuestMigrationPlan.swift in Sources */ = {isa = PBXBuildFile; fileRef = F5E2B802C02BA51ECC711529 /* TimeQuestMigrationPlan.swift */; };
		E0D1FDC51D8C762580512703 /* CloudKitSyncMonitor.swift in Sources */ = {isa = PBXBuildFile; fileRef = 753C6FD84BBEA29F90104F63 /* CloudKitSyncMonitor.swift */; };
		D0373BF8FB991C93E6AD4849 /* EstimationSnapshot.swift in Sources */ = {isa = PBXBuildFile; fileRef = B91B65DFE36639104EC80C80 /* EstimationSnapshot.swift */; };
		DD7743ED99DDCAEE86617B5D /* InsightEngine.swift in Sources */ = {isa = PBXBuildFile; fileRef = 152A5670C7912D806AE83751 /* InsightEngine.swift */; };
		3990FCB82EDBC3BD3245AD66 /* XPConfiguration.swift in Sources */ = {isa = PBXBuildFile; fileRef = B57E713122E586EFF7349C5C /* XPConfiguration.swift */; };
		B4E117814A043DB2F70A981A /* RoutineTemplateProvider.swift in Sources */ = {isa = PBXBuildFile; fileRef = 7248F898956C938E949D5C6E /* RoutineTemplateProvider.swift */; };
		7E438E18D59D2C05A4B5C334 /* InsightCardView.swift in Sources */ = {isa = PBXBuildFile; fileRef = CD270EB3A30400C164D97510 /* InsightCardView.swift */; };
		E40CDCFA0537B69C200B86E0 /* MyPatternsView.swift in Sources */ = {isa = PBXBuildFile; fileRef = 12A45651D6ECC9EA20EB6261 /* MyPatternsView.swift */; };
		87719D0281FA857E436274DD /* PlayerRoutineCreationView.swift in Sources */ = {isa = PBXBuildFile; fileRef = D814A5F38B2422BA1CB64D23 /* PlayerRoutineCreationView.swift */; };
		24A47662AE8F5EFAE7EFA3C4 /* MyPatternsViewModel.swift in Sources */ = {isa = PBXBuildFile; fileRef = A2D201E52F738C57B60F9D28 /* MyPatternsViewModel.swift */; };
		88F72961B13F305E8E4A4C6F /* PlayerRoutineCreationViewModel.swift in Sources */ = {isa = PBXBuildFile; fileRef = 5B3062F80BA4CD3D3CB3E417 /* PlayerRoutineCreationViewModel.swift */; };
		61ABA6209C13E0F7C223E3EB /* TimeQuestSchemaV3.swift in Sources */ = {isa = PBXBuildFile; fileRef = B7426BFBC3B321367F5B4379 /* TimeQuestSchemaV3.swift */; };
		E753EB22156775535187407B /* WeeklyReflection.swift in Sources */ = {isa = PBXBuildFile; fileRef = ADEBBC4F9D7BE94EA6D7D283 /* WeeklyReflection.swift */; };
		A70FB2EA79651713ED2ABF3D /* WeeklyReflectionEngine.swift in Sources */ = {isa = PBXBuildFile; fileRef = 157F3173D16384B20C7CF227 /* WeeklyReflectionEngine.swift */; };
		D0CFA5D807CA2D187FC1BEEC /* WeeklyReflectionViewModel.swift in Sources */ = {isa = PBXBuildFile; fileRef = 4BF625F283396ADC580C1550 /* WeeklyReflectionViewModel.swift */; };
		F997E426621E35D81E1285AD /* WeeklyReflectionCardView.swift in Sources */ = {isa = PBXBuildFile; fileRef = 7C71E2A3937A0CDAC2A94383 /* WeeklyReflectionCardView.swift */; };
		45C588FFE8F612C3352DCE9C /* estimate_lock.wav in Resources */ = {isa = PBXBuildFile; fileRef = 403A9B83CF0A4E0D21FD1F7B /* estimate_lock.wav */; };
		21CB5A94DE2A080B0C14BD36 /* reveal.wav in Resources */ = {isa = PBXBuildFile; fileRef = A1B06005321D2453D9C9C3C9 /* reveal.wav */; };
		623E526941F86382EBE427E0 /* level_up.wav in Resources */ = {isa = PBXBuildFile; fileRef = E23E32471EBADD5626D9E01B /* level_up.wav */; };
		266F034562D76DE3D9385AFC /* personal_best.wav in Resources */ = {isa = PBXBuildFile; fileRef = 5ECF8BAA797C5CF2E5BBB969 /* personal_best.wav */; };
		ACB98C4C80DCD71B42CAEE57 /* session_complete.wav in Resources */ = {isa = PBXBuildFile; fileRef = 1A260B9F9652D832DB0B472B /* session_complete.wav */; };
		1D7940EAFD3753738C473873 /* Assets.xcassets in Resources */ = {isa = PBXBuildFile; fileRef = FF521AFB378D57767AF467A9 /* Assets.xcassets */; };
/* End PBXBuildFile section */

/* Begin PBXFileReference section */
		0F9B3DE92BC5240E406E674B /* TimeQuestApp.swift */ = {isa = PBXFileReference; lastKnownFileType = sourcecode.swift; path = TimeQuestApp.swift; sourceTree = "<group>"; };
		F7F7791D9B48086EBDA3201B /* AppDependencies.swift */ = {isa = PBXFileReference; lastKnownFileType = sourcecode.swift; path = AppDependencies.swift; sourceTree = "<group>"; };
		BA3F0E87E035D4054832AC89 /* RoleRouter.swift */ = {isa = PBXFileReference; lastKnownFileType = sourcecode.swift; path = RoleRouter.swift; sourceTree = "<group>"; };
		41134524953A25DAE62E06E0 /* Routine.swift */ = {isa = PBXFileReference; lastKnownFileType = sourcecode.swift; path = Routine.swift; sourceTree = "<group>"; };
		88528009BF97E320505848FD /* RoutineTask.swift */ = {isa = PBXFileReference; lastKnownFileType = sourcecode.swift; path = RoutineTask.swift; sourceTree = "<group>"; };
		AC19E1DFAD85E98E9331CDFF /* GameSession.swift */ = {isa = PBXFileReference; lastKnownFileType = sourcecode.swift; path = GameSession.swift; sourceTree = "<group>"; };
		CB90FFD339C9B91E76F4E432 /* TaskEstimation.swift */ = {isa = PBXFileReference; lastKnownFileType = sourcecode.swift; path = TaskEstimation.swift; sourceTree = "<group>"; };
		EA9F7BEEB2C991FA9C65CC65 /* RoutineRepository.swift */ = {isa = PBXFileReference; lastKnownFileType = sourcecode.swift; path = RoutineRepository.swift; sourceTree = "<group>"; };
		C39CF627CEFFDBF23B234252 /* SessionRepository.swift */ = {isa = PBXFileReference; lastKnownFileType = sourcecode.swift; path = SessionRepository.swift; sourceTree = "<group>"; };
		9AB248F5589105D27C09D95F /* TimeEstimationScorer.swift */ = {isa = PBXFileReference; lastKnownFileType = sourcecode.swift; path = TimeEstimationScorer.swift; sourceTree = "<group>"; };
		FD169075EF7B25587CAAFE6A /* FeedbackGenerator.swift */ = {isa = PBXFileReference; lastKnownFileType = sourcecode.swift; path = FeedbackGenerator.swift; sourceTree = "<group>"; };
		306F8EEA36D12EE1C8DFC42A /* CalibrationTracker.swift */ = {isa = PBXFileReference; lastKnownFileType = sourcecode.swift; path = CalibrationTracker.swift; sourceTree = "<group>"; };
		D859E55BB87FB1943330C6B1 /* TimeFormatting.swift */ = {isa = PBXFileReference; lastKnownFileType = sourcecode.swift; path = TimeFormatting.swift; sourceTree = "<group>"; };
		820D6CB40C0B5268787FB048 /* PINEntryView.swift */ = {isa = PBXFileReference; lastKnownFileType = sourcecode.swift; path = PINEntryView.swift; sourceTree = "<group>"; };
		8C1D05A74C0C1DF094BAEA6D /* PlayerHomeView.swift */ = {isa = PBXFileReference; lastKnownFileType = sourcecode.swift; path = PlayerHomeView.swift; sourceTree = "<group>"; };
		DFA5449EF7195CEB12D43958 /* ParentDashboardView.swift */ = {isa = PBXFileReference; lastKnownFileType = sourcecode.swift; path = ParentDashboardView.swift; sourceTree = "<group>"; };
		A3470CB08E15B8E5CCE63D31 /* RoutineListView.swift */ = {isa = PBXFileReference; lastKnownFileType = sourcecode.swift; path = RoutineListView.swift; sourceTree = "<group>"; };
		11DB8C8F305DED1416AFEFF2 /* RoutineEditorView.swift */ = {isa = PBXFileReference; lastKnownFileType = sourcecode.swift; path = RoutineEditorView.swift; sourceTree = "<group>"; };
		EC9443C4DB74DD584AC6B410 /* TaskEditorView.swift */ = {isa = PBXFileReference; lastKnownFileType = sourcecode.swift; path = TaskEditorView.swift; sourceTree = "<group>"; };
		2A93F2F19C26268A9E315B2C /* SchedulePickerView.swift */ = {isa = PBXFileReference; lastKnownFileType = sourcecode.swift; path = SchedulePickerView.swift; sourceTree = "<group>"; };
		73FEA8C92E265F3967E1C226 /* RoutineEditorViewModel.swift */ = {isa = PBXFileReference; lastKnownFileType = sourcecode.swift; path = RoutineEditorViewModel.swift; sourceTree = "<group>"; };
		B3BED37255CA6EB73EE6B410 /* GameSessionViewModel.swift */ = {isa = PBXFileReference; lastKnownFileType = sourcecode.swift; path = GameSessionViewModel.swift; sourceTree = "<group>"; };
		DD595C7C6440AA730FA8D35C /* QuestView.swift */ = {isa = PBXFileReference; lastKnownFileType = sourcecode.swift; path = QuestView.swift; sourceTree = "<group>"; };
		A32037E122331569965D32F2 /* EstimationInputView.swift */ = {isa = PBXFileReference; lastKnownFileType = sourcecode.swift; path = EstimationInputView.swift; sourceTree = "<group>"; };
		A861518186B758C9867AF590 /* TaskActiveView.swift */ = {isa = PBXFileReference; lastKnownFileType = sourcecode.swift; path = TaskActiveView.swift; sourceTree = "<group>"; };
		A9A8FF59F14AF763B73D9F89 /* AccuracyRevealView.swift */ = {isa = PBXFileReference; lastKnownFileType = sourcecode.swift; path = AccuracyRevealView.swift; sourceTree = "<group>"; };
		8C63E70A2B46D3300EAA3286 /* SessionSummaryView.swift */ = {isa = PBXFileReference; lastKnownFileType = sourcecode.swift; path = SessionSummaryView.swift; sourceTree = "<group>"; };
		7682C1D53E0C5DCDEB432E0C /* OnboardingView.swift */ = {isa = PBXFileReference; lastKnownFileType = sourcecode.swift; path = OnboardingView.swift; sourceTree = "<group>"; };
		7E951253836C6E0C24F8D644 /* AccuracyMeter.swift */ = {isa = PBXFileReference; lastKnownFileType = sourcecode.swift; path = AccuracyMeter.swift; sourceTree = "<group>"; };
		33148D3BE3ACB625E872D8F3 /* AccuracyRevealScene.swift */ = {isa = PBXFileReference; lastKnownFileType = sourcecode.swift; path = AccuracyRevealScene.swift; sourceTree = "<group>"; };
		28ED76CF90E5173023627DE6 /* PlayerProfile.swift */ = {isa = PBXFileReference; lastKnownFileType = sourcecode.swift; path = PlayerProfile.swift; sourceTree = "<group>"; };
		C7A4881CCC4F5DE5C82BE3AC /* XPEngine.swift */ = {isa = PBXFileReference; lastKnownFileType = sourcecode.swift; path = XPEngine.swift; sourceTree = "<group>"; };
		DAFD5E2BED8AF2AFF71FF851 /* LevelCalculator.swift */ = {isa = PBXFileReference; lastKnownFileType = sourcecode.swift; path = LevelCalculator.swift; sourceTree = "<group>"; };
		3703E1EF797FD92B04EB1D3A /* StreakTracker.swift */ = {isa = PBXFileReference; lastKnownFileType = sourcecode.swift; path = StreakTracker.swift; sourceTree = "<group>"; };
		EB969FD7C3B145EB6B72D0A2 /* PersonalBestTracker.swift */ = {isa = PBXFileReference; lastKnownFileType = sourcecode.swift; path = PersonalBestTracker.swift; sourceTree = "<group>"; };
		12874CCF70D3275C052DC79D /* PlayerProfileRepository.swift */ = {isa = PBXFileReference; lastKnownFileType = sourcecode.swift; path = PlayerProfileRepository.swift; sourceTree = "<group>"; };
		91FACE1895A6DE88A2A88C21 /* ProgressionViewModel.swift */ = {isa = PBXFileReference; lastKnownFileType = sourcecode.swift; path = ProgressionViewModel.swift; sourceTree = "<group>"; };
		7EB210ABCC250D81F2C12B6D /* XPBarView.swift */ = {isa = PBXFileReference; lastKnownFileType = sourcecode.swift; path = XPBarView.swift; sourceTree = "<group>"; };
		F6C983B541E2371DAC77D7CA /* StreakBadgeView.swift */ = {isa = PBXFileReference; lastKnownFileType = sourcecode.swift; path = StreakBadgeView.swift; sourceTree = "<group>"; };
		9219FCE6F3868C4A8BE7B116 /* LevelBadgeView.swift */ = {isa = PBXFileReference; lastKnownFileType = sourcecode.swift; path = LevelBadgeView.swift; sourceTree = "<group>"; };
		92702BBC8BB2F3F038AD5DEA /* AccuracyTrendChartView.swift */ = {isa = PBXFileReference; lastKnownFileType = sourcecode.swift; path = AccuracyTrendChartView.swift; sourceTree = "<group>"; };
		B709A9A26E7C8E28D39F4473 /* PlayerStatsView.swift */ = {isa = PBXFileReference; lastKnownFileType = sourcecode.swift; path = PlayerStatsView.swift; sourceTree = "<group>"; };
		B77636D831705A53717ED734 /* SoundManager.swift */ = {isa = PBXFileReference; lastKnownFileType = sourcecode.swift; path = SoundManager.swift; sourceTree = "<group>"; };
		ADA24FC4E678369586C19D9A /* NotificationManager.swift */ = {isa = PBXFileReference; lastKnownFileType = sourcecode.swift; path = NotificationManager.swift; sourceTree = "<group>"; };
		499AE69DE32ABE3554DE6F08 /* CelebrationScene.swift */ = {isa = PBXFileReference; lastKnownFileType = sourcecode.swift; path = CelebrationScene.swift; sourceTree = "<group>"; };
		59309FCA42ACAB47DAB15F9D /* NotificationSettingsView.swift */ = {isa = PBXFileReference; lastKnownFileType = sourcecode.swift; path = NotificationSettingsView.swift; sourceTree = "<group>"; };
		C7EDB1E40318C8A34C795D76 /* TimeQuestSchemaV1.swift */ = {isa = PBXFileReference; lastKnownFileType = sourcecode.swift; path = TimeQuestSchemaV1.swift; sourceTree = "<group>"; };
		598884E10D6AC3A1303168FB /* TimeQuestSchemaV2.swift */ = {isa = PBXFileReference; lastKnownFileType = sourcecode.swift; path = TimeQuestSchemaV2.swift; sourceTree = "<group>"; };
		F5E2B802C02BA51ECC711529 /* TimeQuestMigrationPlan.swift */ = {isa = PBXFileReference; lastKnownFileType = sourcecode.swift; path = TimeQuestMigrationPlan.swift; sourceTree = "<group>"; };
		753C6FD84BBEA29F90104F63 /* CloudKitSyncMonitor.swift */ = {isa = PBXFileReference; lastKnownFileType = sourcecode.swift; path = CloudKitSyncMonitor.swift; sourceTree = "<group>"; };
		B91B65DFE36639104EC80C80 /* EstimationSnapshot.swift */ = {isa = PBXFileReference; lastKnownFileType = sourcecode.swift; path = EstimationSnapshot.swift; sourceTree = "<group>"; };
		152A5670C7912D806AE83751 /* InsightEngine.swift */ = {isa = PBXFileReference; lastKnownFileType = sourcecode.swift; path = InsightEngine.swift; sourceTree = "<group>"; };
		B57E713122E586EFF7349C5C /* XPConfiguration.swift */ = {isa = PBXFileReference; lastKnownFileType = sourcecode.swift; path = XPConfiguration.swift; sourceTree = "<group>"; };
		7248F898956C938E949D5C6E /* RoutineTemplateProvider.swift */ = {isa = PBXFileReference; lastKnownFileType = sourcecode.swift; path = RoutineTemplateProvider.swift; sourceTree = "<group>"; };
		CD270EB3A30400C164D97510 /* InsightCardView.swift */ = {isa = PBXFileReference; lastKnownFileType = sourcecode.swift; path = InsightCardView.swift; sourceTree = "<group>"; };
		12A45651D6ECC9EA20EB6261 /* MyPatternsView.swift */ = {isa = PBXFileReference; lastKnownFileType = sourcecode.swift; path = MyPatternsView.swift; sourceTree = "<group>"; };
		D814A5F38B2422BA1CB64D23 /* PlayerRoutineCreationView.swift */ = {isa = PBXFileReference; lastKnownFileType = sourcecode.swift; path = PlayerRoutineCreationView.swift; sourceTree = "<group>"; };
		A2D201E52F738C57B60F9D28 /* MyPatternsViewModel.swift */ = {isa = PBXFileReference; lastKnownFileType = sourcecode.swift; path = MyPatternsViewModel.swift; sourceTree = "<group>"; };
		5B3062F80BA4CD3D3CB3E417 /* PlayerRoutineCreationViewModel.swift */ = {isa = PBXFileReference; lastKnownFileType = sourcecode.swift; path = PlayerRoutineCreationViewModel.swift; sourceTree = "<group>"; };
		B7426BFBC3B321367F5B4379 /* TimeQuestSchemaV3.swift */ = {isa = PBXFileReference; lastKnownFileType = sourcecode.swift; path = TimeQuestSchemaV3.swift; sourceTree = "<group>"; };
		ADEBBC4F9D7BE94EA6D7D283 /* WeeklyReflection.swift */ = {isa = PBXFileReference; lastKnownFileType = sourcecode.swift; path = WeeklyReflection.swift; sourceTree = "<group>"; };
		157F3173D16384B20C7CF227 /* WeeklyReflectionEngine.swift */ = {isa = PBXFileReference; lastKnownFileType = sourcecode.swift; path = WeeklyReflectionEngine.swift; sourceTree = "<group>"; };
		4BF625F283396ADC580C1550 /* WeeklyReflectionViewModel.swift */ = {isa = PBXFileReference; lastKnownFileType = sourcecode.swift; path = WeeklyReflectionViewModel.swift; sourceTree = "<group>"; };
		7C71E2A3937A0CDAC2A94383 /* WeeklyReflectionCardView.swift */ = {isa = PBXFileReference; lastKnownFileType = sourcecode.swift; path = WeeklyReflectionCardView.swift; sourceTree = "<group>"; };
		403A9B83CF0A4E0D21FD1F7B /* estimate_lock.wav */ = {isa = PBXFileReference; lastKnownFileType = audio.wav; path = estimate_lock.wav; sourceTree = "<group>"; };
		A1B06005321D2453D9C9C3C9 /* reveal.wav */ = {isa = PBXFileReference; lastKnownFileType = audio.wav; path = reveal.wav; sourceTree = "<group>"; };
		E23E32471EBADD5626D9E01B /* level_up.wav */ = {isa = PBXFileReference; lastKnownFileType = audio.wav; path = level_up.wav; sourceTree = "<group>"; };
		5ECF8BAA797C5CF2E5BBB969 /* personal_best.wav */ = {isa = PBXFileReference; lastKnownFileType = audio.wav; path = personal_best.wav; sourceTree = "<group>"; };
		1A260B9F9652D832DB0B472B /* session_complete.wav */ = {isa = PBXFileReference; lastKnownFileType = audio.wav; path = session_complete.wav; sourceTree = "<group>"; };
		9AC2C84BCF1264C40B1C1AEA /* TimeQuest.entitlements */ = {isa = PBXFileReference; lastKnownFileType = text.plist.entitlements; path = TimeQuest.entitlements; sourceTree = "<group>"; };
		FF521AFB378D57767AF467A9 /* Assets.xcassets */ = {isa = PBXFileReference; lastKnownFileType = folder.assetcatalog; path = Assets.xcassets; sourceTree = "<group>"; };
		BCFC5540C4237FF01C614CB2 /* TimeQuest.app */ = {isa = PBXFileReference; explicitFileType = wrapper.application; includeInIndex = 0; path = TimeQuest.app; sourceTree = BUILT_PRODUCTS_DIR; };
/* End PBXFileReference section */

/* Begin PBXFrameworksBuildPhase section */
		5BE45781E2368722F08D9E41 /* Frameworks */ = {
			isa = PBXFrameworksBuildPhase;
			buildActionMask = 2147483647;
			files = (
			);
			runOnlyForDeploymentPostprocessing = 0;
		};
/* End PBXFrameworksBuildPhase section */

/* Begin PBXGroup section */
		4892632A9B951CC2F5B8A42C /* App */ = {
			isa = PBXGroup;
			children = (
				0F9B3DE92BC5240E406E674B /* TimeQuestApp.swift */,
				F7F7791D9B48086EBDA3201B /* AppDependencies.swift */,
				BA3F0E87E035D4054832AC89 /* RoleRouter.swift */,
			);
			path = App;
			sourceTree = "<group>";
		};
		B8A0A1C2F107209FFB1BDA8B /* Models */ = {
			isa = PBXGroup;
			children = (
				41134524953A25DAE62E06E0 /* Routine.swift */,
				88528009BF97E320505848FD /* RoutineTask.swift */,
				AC19E1DFAD85E98E9331CDFF /* GameSession.swift */,
				CB90FFD339C9B91E76F4E432 /* TaskEstimation.swift */,
				28ED76CF90E5173023627DE6 /* PlayerProfile.swift */,
				B91B65DFE36639104EC80C80 /* EstimationSnapshot.swift */,
				ADEBBC4F9D7BE94EA6D7D283 /* WeeklyReflection.swift */,
				5D8A75200E8BFBD3E94D0434 /* Schemas */,
				1FDB5E7FDD3E9EF5084A2C68 /* Migration */,
			);
			path = Models;
			sourceTree = "<group>";
		};
		5D8A75200E8BFBD3E94D0434 /* Schemas */ = {
			isa = PBXGroup;
			children = (
				C7EDB1E40318C8A34C795D76 /* TimeQuestSchemaV1.swift */,
				598884E10D6AC3A1303168FB /* TimeQuestSchemaV2.swift */,
				B7426BFBC3B321367F5B4379 /* TimeQuestSchemaV3.swift */,
			);
			path = Schemas;
			sourceTree = "<group>";
		};
		1FDB5E7FDD3E9EF5084A2C68 /* Migration */ = {
			isa = PBXGroup;
			children = (
				F5E2B802C02BA51ECC711529 /* TimeQuestMigrationPlan.swift */,
			);
			path = Migration;
			sourceTree = "<group>";
		};
		2CBB2DC5DB2AE4F74E81FC89 /* Repositories */ = {
			isa = PBXGroup;
			children = (
				EA9F7BEEB2C991FA9C65CC65 /* RoutineRepository.swift */,
				C39CF627CEFFDBF23B234252 /* SessionRepository.swift */,
				12874CCF70D3275C052DC79D /* PlayerProfileRepository.swift */,
			);
			path = Repositories;
			sourceTree = "<group>";
		};
		DB0A359B7F03B6C66B5E42BD /* Domain */ = {
			isa = PBXGroup;
			children = (
				9AB248F5589105D27C09D95F /* TimeEstimationScorer.swift */,
				FD169075EF7B25587CAAFE6A /* FeedbackGenerator.swift */,
				306F8EEA36D12EE1C8DFC42A /* CalibrationTracker.swift */,
				C7A4881CCC4F5DE5C82BE3AC /* XPEngine.swift */,
				B57E713122E586EFF7349C5C /* XPConfiguration.swift */,
				DAFD5E2BED8AF2AFF71FF851 /* LevelCalculator.swift */,
				3703E1EF797FD92B04EB1D3A /* StreakTracker.swift */,
				EB969FD7C3B145EB6B72D0A2 /* PersonalBestTracker.swift */,
				152A5670C7912D806AE83751 /* InsightEngine.swift */,
				7248F898956C938E949D5C6E /* RoutineTemplateProvider.swift */,
				157F3173D16384B20C7CF227 /* WeeklyReflectionEngine.swift */,
			);
			path = Domain;
			sourceTree = "<group>";
		};
		821D66E81ED71CB99E1F6BA0 /* Services */ = {
			isa = PBXGroup;
			children = (
				B77636D831705A53717ED734 /* SoundManager.swift */,
				ADA24FC4E678369586C19D9A /* NotificationManager.swift */,
				753C6FD84BBEA29F90104F63 /* CloudKitSyncMonitor.swift */,
			);
			path = Services;
			sourceTree = "<group>";
		};
		07C6FB623B5C6BA43EA89071 /* Shared */ = {
			isa = PBXGroup;
			children = (
				56EEFDCCACC916ED2B048AF0 /* Components */,
				057C9E0D88AE5346318557A1 /* SharedViews */,
			);
			path = Shared;
			sourceTree = "<group>";
		};
		56EEFDCCACC916ED2B048AF0 /* Components */ = {
			isa = PBXGroup;
			children = (
				D859E55BB87FB1943330C6B1 /* TimeFormatting.swift */,
				7E951253836C6E0C24F8D644 /* AccuracyMeter.swift */,
				7EB210ABCC250D81F2C12B6D /* XPBarView.swift */,
				F6C983B541E2371DAC77D7CA /* StreakBadgeView.swift */,
				9219FCE6F3868C4A8BE7B116 /* LevelBadgeView.swift */,
				CD270EB3A30400C164D97510 /* InsightCardView.swift */,
			);
			path = Components;
			sourceTree = "<group>";
		};
		057C9E0D88AE5346318557A1 /* SharedViews */ = {
			isa = PBXGroup;
			children = (
				820D6CB40C0B5268787FB048 /* PINEntryView.swift */,
			);
			path = Views;
			sourceTree = "<group>";
		};
		4F063725AB7B4EA302F11D4E /* Player */ = {
			isa = PBXGroup;
			children = (
				6D9DD5C617A44F3621F1BB9B /* PlayerViews */,
				8EF151B8E3577EEED185982E /* PlayerViewModels */,
			);
			path = Player;
			sourceTree = "<group>";
		};
		6D9DD5C617A44F3621F1BB9B /* PlayerViews */ = {
			isa = PBXGroup;
			children = (
				8C1D05A74C0C1DF094BAEA6D /* PlayerHomeView.swift */,
				DD595C7C6440AA730FA8D35C /* QuestView.swift */,
				A32037E122331569965D32F2 /* EstimationInputView.swift */,
				A861518186B758C9867AF590 /* TaskActiveView.swift */,
				A9A8FF59F14AF763B73D9F89 /* AccuracyRevealView.swift */,
				8C63E70A2B46D3300EAA3286 /* SessionSummaryView.swift */,
				7682C1D53E0C5DCDEB432E0C /* OnboardingView.swift */,
				92702BBC8BB2F3F038AD5DEA /* AccuracyTrendChartView.swift */,
				B709A9A26E7C8E28D39F4473 /* PlayerStatsView.swift */,
				59309FCA42ACAB47DAB15F9D /* NotificationSettingsView.swift */,
				12A45651D6ECC9EA20EB6261 /* MyPatternsView.swift */,
				D814A5F38B2422BA1CB64D23 /* PlayerRoutineCreationView.swift */,
				7C71E2A3937A0CDAC2A94383 /* WeeklyReflectionCardView.swift */,
			);
			path = Views;
			sourceTree = "<group>";
		};
		8EF151B8E3577EEED185982E /* PlayerViewModels */ = {
			isa = PBXGroup;
			children = (
				B3BED37255CA6EB73EE6B410 /* GameSessionViewModel.swift */,
				91FACE1895A6DE88A2A88C21 /* ProgressionViewModel.swift */,
				A2D201E52F738C57B60F9D28 /* MyPatternsViewModel.swift */,
				5B3062F80BA4CD3D3CB3E417 /* PlayerRoutineCreationViewModel.swift */,
				4BF625F283396ADC580C1550 /* WeeklyReflectionViewModel.swift */,
			);
			path = ViewModels;
			sourceTree = "<group>";
		};
		D60E04E5E5D5FC9D6EC2F1DF /* Parent */ = {
			isa = PBXGroup;
			children = (
				1AEC20CEE44312917E9D0760 /* ParentViews */,
				7267782251C718DE3263F32B /* ParentViewModels */,
			);
			path = Parent;
			sourceTree = "<group>";
		};
		1AEC20CEE44312917E9D0760 /* ParentViews */ = {
			isa = PBXGroup;
			children = (
				DFA5449EF7195CEB12D43958 /* ParentDashboardView.swift */,
				A3470CB08E15B8E5CCE63D31 /* RoutineListView.swift */,
				11DB8C8F305DED1416AFEFF2 /* RoutineEditorView.swift */,
				EC9443C4DB74DD584AC6B410 /* TaskEditorView.swift */,
				2A93F2F19C26268A9E315B2C /* SchedulePickerView.swift */,
			);
			path = Views;
			sourceTree = "<group>";
		};
		7267782251C718DE3263F32B /* ParentViewModels */ = {
			isa = PBXGroup;
			children = (
				73FEA8C92E265F3967E1C226 /* RoutineEditorViewModel.swift */,
			);
			path = ViewModels;
			sourceTree = "<group>";
		};
		1F654854DE94F6F0EBA6D00D /* Features */ = {
			isa = PBXGroup;
			children = (
				4F063725AB7B4EA302F11D4E /* Player */,
				D60E04E5E5D5FC9D6EC2F1DF /* Parent */,
				07C6FB623B5C6BA43EA89071 /* Shared */,
			);
			path = Features;
			sourceTree = "<group>";
		};
		157AD3609AF0ABB55E8C551F /* Game */ = {
			isa = PBXGroup;
			children = (
				33148D3BE3ACB625E872D8F3 /* AccuracyRevealScene.swift */,
				499AE69DE32ABE3554DE6F08 /* CelebrationScene.swift */,
			);
			path = Game;
			sourceTree = "<group>";
		};
		7E8E97B265BD22D888A6EFC4 /* Sounds */ = {
			isa = PBXGroup;
			children = (
				403A9B83CF0A4E0D21FD1F7B /* estimate_lock.wav */,
				A1B06005321D2453D9C9C3C9 /* reveal.wav */,
				E23E32471EBADD5626D9E01B /* level_up.wav */,
				5ECF8BAA797C5CF2E5BBB969 /* personal_best.wav */,
				1A260B9F9652D832DB0B472B /* session_complete.wav */,
			);
			path = Sounds;
			sourceTree = "<group>";
		};
		03869B3EB29DA19510D09353 /* Resources */ = {
			isa = PBXGroup;
			children = (
				FF521AFB378D57767AF467A9 /* Assets.xcassets */,
				7E8E97B265BD22D888A6EFC4 /* Sounds */,
			);
			path = Resources;
			sourceTree = "<group>";
		};
		C4489E64145605E863914426 = {
			isa = PBXGroup;
			children = (
				4892632A9B951CC2F5B8A42C /* App */,
				B8A0A1C2F107209FFB1BDA8B /* Models */,
				2CBB2DC5DB2AE4F74E81FC89 /* Repositories */,
				DB0A359B7F03B6C66B5E42BD /* Domain */,
				821D66E81ED71CB99E1F6BA0 /* Services */,
				1F654854DE94F6F0EBA6D00D /* Features */,
				157AD3609AF0ABB55E8C551F /* Game */,
				03869B3EB29DA19510D09353 /* Resources */,
				9AC2C84BCF1264C40B1C1AEA /* TimeQuest.entitlements */,
				3962B7A29DDA603E12897171 /* Products */,
			);
			sourceTree = "<group>";
		};
		3962B7A29DDA603E12897171 /* Products */ = {
			isa = PBXGroup;
			children = (
				BCFC5540C4237FF01C614CB2 /* TimeQuest.app */,
			);
			name = Products;
			sourceTree = "<group>";
		};
/* End PBXGroup section */

/* Begin PBXNativeTarget section */
		10CDDAE19054D2070654FADB /* TimeQuest */ = {
			isa = PBXNativeTarget;
			buildConfigurationList = EE643A0B29924D86CC635798 /* Build configuration list for PBXNativeTarget "TimeQuest" */;
			buildPhases = (
				850CC369DFB8D27D58018A41 /* Sources */,
				5BE45781E2368722F08D9E41 /* Frameworks */,
				87E4594F2A7F7287EEF4AC2C /* Resources */,
			);
			buildRules = (
			);
			dependencies = (
			);
			name = TimeQuest;
			productName = TimeQuest;
			productReference = BCFC5540C4237FF01C614CB2 /* TimeQuest.app */;
			productType = "com.apple.product-type.application";
		};
/* End PBXNativeTarget section */

/* Begin PBXProject section */
		84B5C2B0125245BCE56B510F /* Project object */ = {
			isa = PBXProject;
			attributes = {
				BuildIndependentTargetsInParallel = 1;
				LastSwiftUpdateCheck = 1620;
				LastUpgradeCheck = 1620;
			};
			buildConfigurationList = 0AC8BC3D2B905A707E6E12FE /* Build configuration list for PBXProject "TimeQuest" */;
			compatibilityVersion = "Xcode 15.0";
			developmentRegion = en;
			hasScannedForEncodings = 0;
			knownRegions = (
				en,
				Base,
			);
			mainGroup = C4489E64145605E863914426;
			productRefGroup = 3962B7A29DDA603E12897171 /* Products */;
			projectDirPath = "";
			projectRoot = "";
			targets = (
				10CDDAE19054D2070654FADB /* TimeQuest */,
			);
		};
/* End PBXProject section */

/* Begin PBXResourcesBuildPhase section */
		87E4594F2A7F7287EEF4AC2C /* Resources */ = {
			isa = PBXResourcesBuildPhase;
			buildActionMask = 2147483647;
			files = (
				45C588FFE8F612C3352DCE9C /* estimate_lock.wav in Resources */,
				21CB5A94DE2A080B0C14BD36 /* reveal.wav in Resources */,
				623E526941F86382EBE427E0 /* level_up.wav in Resources */,
				266F034562D76DE3D9385AFC /* personal_best.wav in Resources */,
				ACB98C4C80DCD71B42CAEE57 /* session_complete.wav in Resources */,
				1D7940EAFD3753738C473873 /* Assets.xcassets in Resources */,
			);
			runOnlyForDeploymentPostprocessing = 0;
		};
/* End PBXResourcesBuildPhase section */

/* Begin PBXSourcesBuildPhase section */
		850CC369DFB8D27D58018A41 /* Sources */ = {
			isa = PBXSourcesBuildPhase;
			buildActionMask = 2147483647;
			files = (
				4487988903694BD6D5384A63 /* TimeQuestApp.swift in Sources */,
				8EB5A69D3615BDF049696E56 /* AppDependencies.swift in Sources */,
				4FD35F247AEDE44E5C9B66A8 /* RoleRouter.swift in Sources */,
				5AE5DA2D25B0CB664FB7187D /* Routine.swift in Sources */,
				9B38C61C591664C59259EE08 /* RoutineTask.swift in Sources */,
				0814D6A31D1BDEF6C542A211 /* GameSession.swift in Sources */,
				CA01AB96B0AB8FFD9FCBB09B /* TaskEstimation.swift in Sources */,
				BEBA2251FF6EDCF128B94C0E /* RoutineRepository.swift in Sources */,
				E40B2B10050ABC76C9D34F19 /* SessionRepository.swift in Sources */,
				A1C2FE4E52730B8BFBF47847 /* TimeEstimationScorer.swift in Sources */,
				D0AF8276411710D6C5B6BB67 /* FeedbackGenerator.swift in Sources */,
				6E036BF90542667AEF040E99 /* CalibrationTracker.swift in Sources */,
				13BCAEB084B07FC35B903A28 /* TimeFormatting.swift in Sources */,
				A1A672A0F4FB63BE6F0B1BB3 /* PINEntryView.swift in Sources */,
				FE242B8F674897218D88F5E0 /* PlayerHomeView.swift in Sources */,
				63ADEE91EEAD0E4C0956AF8F /* ParentDashboardView.swift in Sources */,
				6345997B5AAFD2C3CAFAB8DD /* RoutineListView.swift in Sources */,
				34F21E79E4F307194229414E /* RoutineEditorView.swift in Sources */,
				4AF03F8C7D1B3DDE4322551B /* TaskEditorView.swift in Sources */,
				8D7775AD2C962E4FC99F9506 /* SchedulePickerView.swift in Sources */,
				68C2DA777F436E51134B2F52 /* RoutineEditorViewModel.swift in Sources */,
				F3B6C1A5709093AE668C1A65 /* GameSessionViewModel.swift in Sources */,
				274943641899B398933EEE6D /* QuestView.swift in Sources */,
				4793558FD35D588BD740EBA6 /* EstimationInputView.swift in Sources */,
				1D3B59B90766357F7D13D776 /* TaskActiveView.swift in Sources */,
				38DC9A1188B98E54DD8D4855 /* AccuracyRevealView.swift in Sources */,
				0C5499BDCFB5C35D72ACD914 /* SessionSummaryView.swift in Sources */,
				A4DEDA762939CBF95C41DAD6 /* OnboardingView.swift in Sources */,
				9D80C5295C9F9795FF41650B /* AccuracyMeter.swift in Sources */,
				8AFAA559B43CF3C03C03560F /* AccuracyRevealScene.swift in Sources */,
				72BEC0A0AAC261761534A1FD /* PlayerProfile.swift in Sources */,
				C59C50282F7620844812EB82 /* XPEngine.swift in Sources */,
				A25D7D5E77AC0876171261C0 /* LevelCalculator.swift in Sources */,
				6D3425C5EC003655CEC424A1 /* StreakTracker.swift in Sources */,
				5895E04FA469D8608F78667D /* PersonalBestTracker.swift in Sources */,
				A1156B33FD24CABF32E0FBC7 /* PlayerProfileRepository.swift in Sources */,
				A50791D16D57504AC8C154E4 /* ProgressionViewModel.swift in Sources */,
				6485A30C823F39800C3A3B8A /* XPBarView.swift in Sources */,
				DDFB34E2AE416563311FF785 /* StreakBadgeView.swift in Sources */,
				7DC20F5B02E458D48ABD1B22 /* LevelBadgeView.swift in Sources */,
				57E1C63B43498CBF23C93C48 /* AccuracyTrendChartView.swift in Sources */,
				EDC80F7045FAE9A1059B87D4 /* PlayerStatsView.swift in Sources */,
				AB9C3BA3F3EDBF4D17B2DB4A /* SoundManager.swift in Sources */,
				3AFD2FBC83CB57F3CBF07596 /* NotificationManager.swift in Sources */,
				B16022C058860CAFCB7F55D0 /* CelebrationScene.swift in Sources */,
				7B0BBEF63CD965706ED39C57 /* NotificationSettingsView.swift in Sources */,
				07FF9D2D52629AD3A347FF8C /* TimeQuestSchemaV1.swift in Sources */,
				CF3080AD9DD1B32C03022C4F /* TimeQuestSchemaV2.swift in Sources */,
				E7663FFC085CB01ECB40E1B2 /* TimeQuestMigrationPlan.swift in Sources */,
				E0D1FDC51D8C762580512703 /* CloudKitSyncMonitor.swift in Sources */,
				D0373BF8FB991C93E6AD4849 /* EstimationSnapshot.swift in Sources */,
				DD7743ED99DDCAEE86617B5D /* InsightEngine.swift in Sources */,
				3990FCB82EDBC3BD3245AD66 /* XPConfiguration.swift in Sources */,
				B4E117814A043DB2F70A981A /* RoutineTemplateProvider.swift in Sources */,
				7E438E18D59D2C05A4B5C334 /* InsightCardView.swift in Sources */,
				E40CDCFA0537B69C200B86E0 /* MyPatternsView.swift in Sources */,
				87719D0281FA857E436274DD /* PlayerRoutineCreationView.swift in Sources */,
				24A47662AE8F5EFAE7EFA3C4 /* MyPatternsViewModel.swift in Sources */,
				88F72961B13F305E8E4A4C6F /* PlayerRoutineCreationViewModel.swift in Sources */,
				61ABA6209C13E0F7C223E3EB /* TimeQuestSchemaV3.swift in Sources */,
				E753EB22156775535187407B /* WeeklyReflection.swift in Sources */,
				A70FB2EA79651713ED2ABF3D /* WeeklyReflectionEngine.swift in Sources */,
				D0CFA5D807CA2D187FC1BEEC /* WeeklyReflectionViewModel.swift in Sources */,
				F997E426621E35D81E1285AD /* WeeklyReflectionCardView.swift in Sources */,
			);
			runOnlyForDeploymentPostprocessing = 0;
		};
/* End PBXSourcesBuildPhase section */

/* Begin XCBuildConfiguration section */
		E3B7972C6B6FB2079F2545AB /* Debug */ = {
			isa = XCBuildConfiguration;
			buildSettings = {
				ALWAYS_SEARCH_USER_PATHS = NO;
				ASCLOPTIMIZE = YES;
				CLANG_ANALYZER_NONNULL = YES;
				CLANG_ANALYZER_NUMBER_OBJECT_CONVERSION = YES_AGGRESSIVE;
				CLANG_CXX_LANGUAGE_STANDARD = "gnu++20";
				CLANG_ENABLE_MODULES = YES;
				CLANG_ENABLE_OBJC_ARC = YES;
				CLANG_ENABLE_OBJC_WEAK = YES;
				CLANG_WARN_BLOCK_CAPTURE_AUTORELEASING = YES;
				CLANG_WARN_BOOL_CONVERSION = YES;
				CLANG_WARN_COMMA = YES;
				CLANG_WARN_CONSTANT_CONVERSION = YES;
				CLANG_WARN_DEPRECATED_OBJC_IMPLEMENTATIONS = YES;
				CLANG_WARN_DIRECT_OBJC_ISA_USAGE = YES_ERROR;
				CLANG_WARN_DOCUMENTATION_COMMENTS = YES;
				CLANG_WARN_EMPTY_BODY = YES;
				CLANG_WARN_ENUM_CONVERSION = YES;
				CLANG_WARN_INFINITE_RECURSION = YES;
				CLANG_WARN_INT_CONVERSION = YES;
				CLANG_WARN_NON_LITERAL_NULL_CONVERSION = YES;
				CLANG_WARN_OBJC_IMPLICIT_RETAIN_SELF = YES;
				CLANG_WARN_OBJC_LITERAL_CONVERSION = YES;
				CLANG_WARN_OBJC_ROOT_CLASS = YES_ERROR;
				CLANG_WARN_QUOTED_INCLUDE_IN_FRAMEWORK_HEADER = YES;
				CLANG_WARN_RANGE_LOOP_ANALYSIS = YES;
				CLANG_WARN_STRICT_PROTOTYPES = YES;
				CLANG_WARN_SUSPICIOUS_MOVE = YES;
				CLANG_WARN_UNGUARDED_AVAILABILITY = YES_AGGRESSIVE;
				CLANG_WARN_UNREACHABLE_CODE = YES;
				CLANG_WARN__DUPLICATE_METHOD_MATCH = YES;
				COPY_PHASE_STRIP = NO;
				DEBUG_INFORMATION_FORMAT = dwarf;
				ENABLE_STRICT_OBJC_MSGSEND = YES;
				ENABLE_TESTABILITY = YES;
				ENABLE_USER_SCRIPT_SANDBOXING = YES;
				GCC_C_LANGUAGE_STANDARD = gnu17;
				GCC_DYNAMIC_NO_PIC = NO;
				GCC_NO_COMMON_BLOCKS = YES;
				GCC_OPTIMIZATION_LEVEL = 0;
				GCC_PREPROCESSOR_DEFINITIONS = (
					"DEBUG=1",
					"$(inherited)",
				);
				GCC_WARN_64_TO_32_BIT_CONVERSION = YES;
				GCC_WARN_ABOUT_RETURN_TYPE = YES_ERROR;
				GCC_WARN_UNDECLARED_SELECTOR = YES;
				GCC_WARN_UNINITIALIZED_AUTOS = YES_AGGRESSIVE;
				GCC_WARN_UNUSED_FUNCTION = YES;
				GCC_WARN_UNUSED_VARIABLE = YES;
				IPHONEOS_DEPLOYMENT_TARGET = 17.0;
				MTL_ENABLE_DEBUG_INFO = INCLUDE_SOURCE;
				MTL_FAST_MATH = YES;
				ONLY_ACTIVE_ARCH = YES;
				SDKROOT = iphoneos;
				SWIFT_ACTIVE_COMPILATION_CONDITIONS = "$(inherited) DEBUG";
				SWIFT_OPTIMIZATION_LEVEL = "-Onone";
			};
			name = Debug;
		};
		92DD4FDDA19359A136A9629B /* Release */ = {
			isa = XCBuildConfiguration;
			buildSettings = {
				ALWAYS_SEARCH_USER_PATHS = NO;
				ASCLOPTIMIZE = YES;
				CLANG_ANALYZER_NONNULL = YES;
				CLANG_ANALYZER_NUMBER_OBJECT_CONVERSION = YES_AGGRESSIVE;
				CLANG_CXX_LANGUAGE_STANDARD = "gnu++20";
				CLANG_ENABLE_MODULES = YES;
				CLANG_ENABLE_OBJC_ARC = YES;
				CLANG_ENABLE_OBJC_WEAK = YES;
				CLANG_WARN_BLOCK_CAPTURE_AUTORELEASING = YES;
				CLANG_WARN_BOOL_CONVERSION = YES;
				CLANG_WARN_COMMA = YES;
				CLANG_WARN_CONSTANT_CONVERSION = YES;
				CLANG_WARN_DEPRECATED_OBJC_IMPLEMENTATIONS = YES;
				CLANG_WARN_DIRECT_OBJC_ISA_USAGE = YES_ERROR;
				CLANG_WARN_DOCUMENTATION_COMMENTS = YES;
				CLANG_WARN_EMPTY_BODY = YES;
				CLANG_WARN_ENUM_CONVERSION = YES;
				CLANG_WARN_INFINITE_RECURSION = YES;
				CLANG_WARN_INT_CONVERSION = YES;
				CLANG_WARN_NON_LITERAL_NULL_CONVERSION = YES;
				CLANG_WARN_OBJC_IMPLICIT_RETAIN_SELF = YES;
				CLANG_WARN_OBJC_LITERAL_CONVERSION = YES;
				CLANG_WARN_OBJC_ROOT_CLASS = YES_ERROR;
				CLANG_WARN_QUOTED_INCLUDE_IN_FRAMEWORK_HEADER = YES;
				CLANG_WARN_RANGE_LOOP_ANALYSIS = YES;
				CLANG_WARN_STRICT_PROTOTYPES = YES;
				CLANG_WARN_SUSPICIOUS_MOVE = YES;
				CLANG_WARN_UNGUARDED_AVAILABILITY = YES_AGGRESSIVE;
				CLANG_WARN_UNREACHABLE_CODE = YES;
				CLANG_WARN__DUPLICATE_METHOD_MATCH = YES;
				COPY_PHASE_STRIP = NO;
				DEBUG_INFORMATION_FORMAT = "dwarf-with-dsym";
				ENABLE_NS_ASSERTIONS = NO;
				ENABLE_STRICT_OBJC_MSGSEND = YES;
				ENABLE_USER_SCRIPT_SANDBOXING = YES;
				GCC_C_LANGUAGE_STANDARD = gnu17;
				GCC_NO_COMMON_BLOCKS = YES;
				GCC_WARN_64_TO_32_BIT_CONVERSION = YES;
				GCC_WARN_ABOUT_RETURN_TYPE = YES_ERROR;
				GCC_WARN_UNDECLARED_SELECTOR = YES;
				GCC_WARN_UNINITIALIZED_AUTOS = YES_AGGRESSIVE;
				GCC_WARN_UNUSED_FUNCTION = YES;
				GCC_WARN_UNUSED_VARIABLE = YES;
				IPHONEOS_DEPLOYMENT_TARGET = 17.0;
				MTL_FAST_MATH = YES;
				SDKROOT = iphoneos;
				SWIFT_COMPILATION_MODE = wholemodule;
				VALIDATE_PRODUCT = YES;
			};
			name = Release;
		};
		262AF155F80A172F5F1C4DB9 /* Debug */ = {
			isa = XCBuildConfiguration;
			buildSettings = {
				ASSETCATALOG_COMPILER_APPICON_NAME = AppIcon;
				ASSETCATALOG_COMPILER_GLOBAL_ACCENT_COLOR_NAME = AccentColor;
				CODE_SIGN_ENTITLEMENTS = TimeQuest.entitlements;
				CODE_SIGN_STYLE = Automatic;
				CURRENT_PROJECT_VERSION = 1;
				DEVELOPMENT_TEAM = "";
				GENERATE_INFOPLIST_FILE = YES;
				INFOPLIST_KEY_CFBundleDisplayName = TimeQuest;
				INFOPLIST_KEY_UIApplicationSceneManifest_Generation = YES;
				INFOPLIST_KEY_UIApplicationSupportsIndirectInputEvents = YES;
				INFOPLIST_KEY_UIBackgroundModes = "remote-notification";
				INFOPLIST_KEY_UILaunchScreen_Generation = YES;
				INFOPLIST_KEY_UISupportedInterfaceOrientations_iPhone = "UIInterfaceOrientationPortrait UIInterfaceOrientationLandscapeLeft UIInterfaceOrientationLandscapeRight";
				LD_RUNPATH_SEARCH_PATHS = (
					"$(inherited)",
					"@executable_path/Frameworks",
				);
				MARKETING_VERSION = 1.0;
				PRODUCT_BUNDLE_IDENTIFIER = com.timequest.app;
				PRODUCT_NAME = "$(TARGET_NAME)";
				SWIFT_EMIT_LOC_STRINGS = YES;
				SWIFT_VERSION = 6.0;
				TARGETED_DEVICE_FAMILY = "1,2";
			};
			name = Debug;
		};
		96672D91F7535673A9B38093 /* Release */ = {
			isa = XCBuildConfiguration;
			buildSettings = {
				ASSETCATALOG_COMPILER_APPICON_NAME = AppIcon;
				ASSETCATALOG_COMPILER_GLOBAL_ACCENT_COLOR_NAME = AccentColor;
				CODE_SIGN_ENTITLEMENTS = TimeQuest.entitlements;
				CODE_SIGN_STYLE = Automatic;
				CURRENT_PROJECT_VERSION = 1;
				DEVELOPMENT_TEAM = "";
				GENERATE_INFOPLIST_FILE = YES;
				INFOPLIST_KEY_CFBundleDisplayName = TimeQuest;
				INFOPLIST_KEY_UIApplicationSceneManifest_Generation = YES;
				INFOPLIST_KEY_UIApplicationSupportsIndirectInputEvents = YES;
				INFOPLIST_KEY_UIBackgroundModes = "remote-notification";
				INFOPLIST_KEY_UILaunchScreen_Generation = YES;
				INFOPLIST_KEY_UISupportedInterfaceOrientations_iPhone = "UIInterfaceOrientationPortrait UIInterfaceOrientationLandscapeLeft UIInterfaceOrientationLandscapeRight";
				LD_RUNPATH_SEARCH_PATHS = (
					"$(inherited)",
					"@executable_path/Frameworks",
				);
				MARKETING_VERSION = 1.0;
				PRODUCT_BUNDLE_IDENTIFIER = com.timequest.app;
				PRODUCT_NAME = "$(TARGET_NAME)";
				SWIFT_EMIT_LOC_STRINGS = YES;
				SWIFT_VERSION = 6.0;
				TARGETED_DEVICE_FAMILY = "1,2";
			};
			name = Release;
		};
/* End XCBuildConfiguration section */

/* Begin XCConfigurationList section */
		0AC8BC3D2B905A707E6E12FE /* Build configuration list for PBXProject "TimeQuest" */ = {
			isa = XCConfigurationList;
			buildConfigurations = (
				E3B7972C6B6FB2079F2545AB /* Debug */,
				92DD4FDDA19359A136A9629B /* Release */,
			);
			defaultConfigurationIsVisible = 0;
			defaultConfigurationName = Release;
		};
		EE643A0B29924D86CC635798 /* Build configuration list for PBXNativeTarget "TimeQuest" */ = {
			isa = XCConfigurationList;
			buildConfigurations = (
				262AF155F80A172F5F1C4DB9 /* Debug */,
				96672D91F7535673A9B38093 /* Release */,
			);
			defaultConfigurationIsVisible = 0;
			defaultConfigurationName = Release;
		};
/* End XCConfigurationList section */

	};
	rootObject = 84B5C2B0125245BCE56B510F /* Project object */;
}
